// !$*UTF8*$!
{
	archiveVersion = 1;
	classes = {
	};
	objectVersion = 46;
	objects = {

/* Begin PBXBuildFile section */
		CC55B2F11D079EA900F7E9F6 /* main.m in Sources */ = {isa = PBXBuildFile; fileRef = CC55B2F01D079EA900F7E9F6 /* main.m */; };
		CC55B2F41D079EA900F7E9F6 /* AppDelegate.m in Sources */ = {isa = PBXBuildFile; fileRef = CC55B2F31D079EA900F7E9F6 /* AppDelegate.m */; };
		CC55B2FC1D079EA900F7E9F6 /* Assets.xcassets in Resources */ = {isa = PBXBuildFile; fileRef = CC55B2FB1D079EA900F7E9F6 /* Assets.xcassets */; };
		CC55B2FF1D079EA900F7E9F6 /* LaunchScreen.storyboard in Resources */ = {isa = PBXBuildFile; fileRef = CC55B2FD1D079EA900F7E9F6 /* LaunchScreen.storyboard */; };
		CC55B30A1D079EA900F7E9F6 /* TouchTrackerTests.m in Sources */ = {isa = PBXBuildFile; fileRef = CC55B3091D079EA900F7E9F6 /* TouchTrackerTests.m */; };
		CC55B3151D079EA900F7E9F6 /* TouchTrackerUITests.m in Sources */ = {isa = PBXBuildFile; fileRef = CC55B3141D079EA900F7E9F6 /* TouchTrackerUITests.m */; };
		CC55B3241D079ECE00F7E9F6 /* RMDLine.m in Sources */ = {isa = PBXBuildFile; fileRef = CC55B3231D079ECE00F7E9F6 /* RMDLine.m */; };
		CC55B3271D07A02D00F7E9F6 /* RMDDrawView.m in Sources */ = {isa = PBXBuildFile; fileRef = CC55B3261D07A02D00F7E9F6 /* RMDDrawView.m */; };
		CC55B32A1D07A04800F7E9F6 /* RMDDrawViewController.m in Sources */ = {isa = PBXBuildFile; fileRef = CC55B3291D07A04800F7E9F6 /* RMDDrawViewController.m */; };
/* End PBXBuildFile section */

/* Begin PBXContainerItemProxy section */
		CC55B3061D079EA900F7E9F6 /* PBXContainerItemProxy */ = {
			isa = PBXContainerItemProxy;
			containerPortal = CC55B2E41D079EA800F7E9F6 /* Project object */;
			proxyType = 1;
			remoteGlobalIDString = CC55B2EB1D079EA800F7E9F6;
			remoteInfo = TouchTracker;
		};
		CC55B3111D079EA900F7E9F6 /* PBXContainerItemProxy */ = {
			isa = PBXContainerItemProxy;
			containerPortal = CC55B2E41D079EA800F7E9F6 /* Project object */;
			proxyType = 1;
			remoteGlobalIDString = CC55B2EB1D079EA800F7E9F6;
			remoteInfo = TouchTracker;
		};
/* End PBXContainerItemProxy section */

/* Begin PBXFileReference section */
		CC55B2EC1D079EA800F7E9F6 /* TouchTracker.app */ = {isa = PBXFileReference; explicitFileType = wrapper.application; includeInIndex = 0; path = TouchTracker.app; sourceTree = BUILT_PRODUCTS_DIR; };
		CC55B2F01D079EA900F7E9F6 /* main.m */ = {isa = PBXFileReference; lastKnownFileType = sourcecode.c.objc; path = main.m; sourceTree = "<group>"; };
		CC55B2F21D079EA900F7E9F6 /* AppDelegate.h */ = {isa = PBXFileReference; lastKnownFileType = sourcecode.c.h; path = AppDelegate.h; sourceTree = "<group>"; };
		CC55B2F31D079EA900F7E9F6 /* AppDelegate.m */ = {isa = PBXFileReference; lastKnownFileType = sourcecode.c.objc; path = AppDelegate.m; sourceTree = "<group>"; };
		CC55B2FB1D079EA900F7E9F6 /* Assets.xcassets */ = {isa = PBXFileReference; lastKnownFileType = folder.assetcatalog; path = Assets.xcassets; sourceTree = "<group>"; };
		CC55B2FE1D079EA900F7E9F6 /* Base */ = {isa = PBXFileReference; lastKnownFileType = file.storyboard; name = Base; path = Base.lproj/LaunchScreen.storyboard; sourceTree = "<group>"; };
		CC55B3001D079EA900F7E9F6 /* Info.plist */ = {isa = PBXFileReference; lastKnownFileType = text.plist.xml; path = Info.plist; sourceTree = "<group>"; };
		CC55B3051D079EA900F7E9F6 /* TouchTrackerTests.xctest */ = {isa = PBXFileReference; explicitFileType = wrapper.cfbundle; includeInIndex = 0; path = TouchTrackerTests.xctest; sourceTree = BUILT_PRODUCTS_DIR; };
		CC55B3091D079EA900F7E9F6 /* TouchTrackerTests.m */ = {isa = PBXFileReference; lastKnownFileType = sourcecode.c.objc; path = TouchTrackerTests.m; sourceTree = "<group>"; };
		CC55B30B1D079EA900F7E9F6 /* Info.plist */ = {isa = PBXFileReference; lastKnownFileType = text.plist.xml; path = Info.plist; sourceTree = "<group>"; };
		CC55B3101D079EA900F7E9F6 /* TouchTrackerUITests.xctest */ = {isa = PBXFileReference; explicitFileType = wrapper.cfbundle; includeInIndex = 0; path = TouchTrackerUITests.xctest; sourceTree = BUILT_PRODUCTS_DIR; };
		CC55B3141D079EA900F7E9F6 /* TouchTrackerUITests.m */ = {isa = PBXFileReference; lastKnownFileType = sourcecode.c.objc; path = TouchTrackerUITests.m; sourceTree = "<group>"; };
		CC55B3161D079EA900F7E9F6 /* Info.plist */ = {isa = PBXFileReference; lastKnownFileType = text.plist.xml; path = Info.plist; sourceTree = "<group>"; };
		CC55B3221D079ECE00F7E9F6 /* RMDLine.h */ = {isa = PBXFileReference; fileEncoding = 4; lastKnownFileType = sourcecode.c.h; path = RMDLine.h; sourceTree = "<group>"; };
		CC55B3231D079ECE00F7E9F6 /* RMDLine.m */ = {isa = PBXFileReference; fileEncoding = 4; lastKnownFileType = sourcecode.c.objc; path = RMDLine.m; sourceTree = "<group>"; };
		CC55B3251D07A02D00F7E9F6 /* RMDDrawView.h */ = {isa = PBXFileReference; fileEncoding = 4; lastKnownFileType = sourcecode.c.h; path = RMDDrawView.h; sourceTree = "<group>"; };
		CC55B3261D07A02D00F7E9F6 /* RMDDrawView.m */ = {isa = PBXFileReference; fileEncoding = 4; lastKnownFileType = sourcecode.c.objc; path = RMDDrawView.m; sourceTree = "<group>"; };
		CC55B3281D07A04800F7E9F6 /* RMDDrawViewController.h */ = {isa = PBXFileReference; fileEncoding = 4; lastKnownFileType = sourcecode.c.h; path = RMDDrawViewController.h; sourceTree = "<group>"; };
		CC55B3291D07A04800F7E9F6 /* RMDDrawViewController.m */ = {isa = PBXFileReference; fileEncoding = 4; lastKnownFileType = sourcecode.c.objc; path = RMDDrawViewController.m; sourceTree = "<group>"; };
/* End PBXFileReference section */

/* Begin PBXFrameworksBuildPhase section */
		CC55B2E91D079EA800F7E9F6 /* Frameworks */ = {
			isa = PBXFrameworksBuildPhase;
			buildActionMask = 2147483647;
			files = (
			);
			runOnlyForDeploymentPostprocessing = 0;
		};
		CC55B3021D079EA900F7E9F6 /* Frameworks */ = {
			isa = PBXFrameworksBuildPhase;
			buildActionMask = 2147483647;
			files = (
			);
			runOnlyForDeploymentPostprocessing = 0;
		};
		CC55B30D1D079EA900F7E9F6 /* Frameworks */ = {
			isa = PBXFrameworksBuildPhase;
			buildActionMask = 2147483647;
			files = (
			);
			runOnlyForDeploymentPostprocessing = 0;
		};
/* End PBXFrameworksBuildPhase section */

/* Begin PBXGroup section */
		CC55B2E31D079EA800F7E9F6 = {
			isa = PBXGroup;
			children = (
				CC55B2EE1D079EA900F7E9F6 /* TouchTracker */,
				CC55B3081D079EA900F7E9F6 /* TouchTrackerTests */,
				CC55B3131D079EA900F7E9F6 /* TouchTrackerUITests */,
				CC55B2ED1D079EA800F7E9F6 /* Products */,
			);
			sourceTree = "<group>";
		};
		CC55B2ED1D079EA800F7E9F6 /* Products */ = {
			isa = PBXGroup;
			children = (
				CC55B2EC1D079EA800F7E9F6 /* TouchTracker.app */,
				CC55B3051D079EA900F7E9F6 /* TouchTrackerTests.xctest */,
				CC55B3101D079EA900F7E9F6 /* TouchTrackerUITests.xctest */,
			);
			name = Products;
			sourceTree = "<group>";
		};
		CC55B2EE1D079EA900F7E9F6 /* TouchTracker */ = {
			isa = PBXGroup;
			children = (
				CC55B2F21D079EA900F7E9F6 /* AppDelegate.h */,
				CC55B2F31D079EA900F7E9F6 /* AppDelegate.m */,
				CC55B3221D079ECE00F7E9F6 /* RMDLine.h */,
				CC55B3231D079ECE00F7E9F6 /* RMDLine.m */,
				CC55B3251D07A02D00F7E9F6 /* RMDDrawView.h */,
				CC55B3261D07A02D00F7E9F6 /* RMDDrawView.m */,
				CC55B3281D07A04800F7E9F6 /* RMDDrawViewController.h */,
				CC55B3291D07A04800F7E9F6 /* RMDDrawViewController.m */,
				CC55B2FB1D079EA900F7E9F6 /* Assets.xcassets */,
				CC55B2FD1D079EA900F7E9F6 /* LaunchScreen.storyboard */,
				CC55B3001D079EA900F7E9F6 /* Info.plist */,
				CC55B2EF1D079EA900F7E9F6 /* Supporting Files */,
			);
			path = TouchTracker;
			sourceTree = "<group>";
		};
		CC55B2EF1D079EA900F7E9F6 /* Supporting Files */ = {
			isa = PBXGroup;
			children = (
				CC55B2F01D079EA900F7E9F6 /* main.m */,
			);
			name = "Supporting Files";
			sourceTree = "<group>";
		};
		CC55B3081D079EA900F7E9F6 /* TouchTrackerTests */ = {
			isa = PBXGroup;
			children = (
				CC55B3091D079EA900F7E9F6 /* TouchTrackerTests.m */,
				CC55B30B1D079EA900F7E9F6 /* Info.plist */,
			);
			path = TouchTrackerTests;
			sourceTree = "<group>";
		};
		CC55B3131D079EA900F7E9F6 /* TouchTrackerUITests */ = {
			isa = PBXGroup;
			children = (
				CC55B3141D079EA900F7E9F6 /* TouchTrackerUITests.m */,
				CC55B3161D079EA900F7E9F6 /* Info.plist */,
			);
			path = TouchTrackerUITests;
			sourceTree = "<group>";
		};
/* End PBXGroup section */

/* Begin PBXNativeTarget section */
		CC55B2EB1D079EA800F7E9F6 /* TouchTracker */ = {
			isa = PBXNativeTarget;
			buildConfigurationList = CC55B3191D079EA900F7E9F6 /* Build configuration list for PBXNativeTarget "TouchTracker" */;
			buildPhases = (
				CC55B2E81D079EA800F7E9F6 /* Sources */,
				CC55B2E91D079EA800F7E9F6 /* Frameworks */,
				CC55B2EA1D079EA800F7E9F6 /* Resources */,
			);
			buildRules = (
			);
			dependencies = (
			);
			name = TouchTracker;
			productName = TouchTracker;
			productReference = CC55B2EC1D079EA800F7E9F6 /* TouchTracker.app */;
			productType = "com.apple.product-type.application";
		};
		CC55B3041D079EA900F7E9F6 /* TouchTrackerTests */ = {
			isa = PBXNativeTarget;
			buildConfigurationList = CC55B31C1D079EA900F7E9F6 /* Build configuration list for PBXNativeTarget "TouchTrackerTests" */;
			buildPhases = (
				CC55B3011D079EA900F7E9F6 /* Sources */,
				CC55B3021D079EA900F7E9F6 /* Frameworks */,
				CC55B3031D079EA900F7E9F6 /* Resources */,
			);
			buildRules = (
			);
			dependencies = (
				CC55B3071D079EA900F7E9F6 /* PBXTargetDependency */,
			);
			name = TouchTrackerTests;
			productName = TouchTrackerTests;
			productReference = CC55B3051D079EA900F7E9F6 /* TouchTrackerTests.xctest */;
			productType = "com.apple.product-type.bundle.unit-test";
		};
		CC55B30F1D079EA900F7E9F6 /* TouchTrackerUITests */ = {
			isa = PBXNativeTarget;
			buildConfigurationList = CC55B31F1D079EA900F7E9F6 /* Build configuration list for PBXNativeTarget "TouchTrackerUITests" */;
			buildPhases = (
				CC55B30C1D079EA900F7E9F6 /* Sources */,
				CC55B30D1D079EA900F7E9F6 /* Frameworks */,
				CC55B30E1D079EA900F7E9F6 /* Resources */,
			);
			buildRules = (
			);
			dependencies = (
				CC55B3121D079EA900F7E9F6 /* PBXTargetDependency */,
			);
			name = TouchTrackerUITests;
			productName = TouchTrackerUITests;
			productReference = CC55B3101D079EA900F7E9F6 /* TouchTrackerUITests.xctest */;
			productType = "com.apple.product-type.bundle.ui-testing";
		};
/* End PBXNativeTarget section */

/* Begin PBXProject section */
		CC55B2E41D079EA800F7E9F6 /* Project object */ = {
			isa = PBXProject;
			attributes = {
				LastUpgradeCheck = 0730;
				ORGANIZATIONNAME = "Rachel Dorn";
				TargetAttributes = {
					CC55B2EB1D079EA800F7E9F6 = {
						CreatedOnToolsVersion = 7.3.1;
					};
					CC55B3041D079EA900F7E9F6 = {
						CreatedOnToolsVersion = 7.3.1;
						TestTargetID = CC55B2EB1D079EA800F7E9F6;
					};
					CC55B30F1D079EA900F7E9F6 = {
						CreatedOnToolsVersion = 7.3.1;
						TestTargetID = CC55B2EB1D079EA800F7E9F6;
					};
				};
			};
			buildConfigurationList = CC55B2E71D079EA800F7E9F6 /* Build configuration list for PBXProject "TouchTracker" */;
			compatibilityVersion = "Xcode 3.2";
			developmentRegion = English;
			hasScannedForEncodings = 0;
			knownRegions = (
				en,
				Base,
			);
			mainGroup = CC55B2E31D079EA800F7E9F6;
			productRefGroup = CC55B2ED1D079EA800F7E9F6 /* Products */;
			projectDirPath = "";
			projectRoot = "";
			targets = (
				CC55B2EB1D079EA800F7E9F6 /* TouchTracker */,
				CC55B3041D079EA900F7E9F6 /* TouchTrackerTests */,
				CC55B30F1D079EA900F7E9F6 /* TouchTrackerUITests */,
			);
		};
/* End PBXProject section */

/* Begin PBXResourcesBuildPhase section */
		CC55B2EA1D079EA800F7E9F6 /* Resources */ = {
			isa = PBXResourcesBuildPhase;
			buildActionMask = 2147483647;
			files = (
				CC55B2FF1D079EA900F7E9F6 /* LaunchScreen.storyboard in Resources */,
				CC55B2FC1D079EA900F7E9F6 /* Assets.xcassets in Resources */,
			);
			runOnlyForDeploymentPostprocessing = 0;
		};
		CC55B3031D079EA900F7E9F6 /* Resources */ = {
			isa = PBXResourcesBuildPhase;
			buildActionMask = 2147483647;
			files = (
			);
			runOnlyForDeploymentPostprocessing = 0;
		};
		CC55B30E1D079EA900F7E9F6 /* Resources */ = {
			isa = PBXResourcesBuildPhase;
			buildActionMask = 2147483647;
			files = (
			);
			runOnlyForDeploymentPostprocessing = 0;
		};
/* End PBXResourcesBuildPhase section */

/* Begin PBXSourcesBuildPhase section */
		CC55B2E81D079EA800F7E9F6 /* Sources */ = {
			isa = PBXSourcesBuildPhase;
			buildActionMask = 2147483647;
			files = (
				CC55B3271D07A02D00F7E9F6 /* RMDDrawView.m in Sources */,
				CC55B2F41D079EA900F7E9F6 /* AppDelegate.m in Sources */,
				CC55B2F11D079EA900F7E9F6 /* main.m in Sources */,
				CC55B32A1D07A04800F7E9F6 /* RMDDrawViewController.m in Sources */,
				CC55B3241D079ECE00F7E9F6 /* RMDLine.m in Sources */,
			);
			runOnlyForDeploymentPostprocessing = 0;
		};
		CC55B3011D079EA900F7E9F6 /* Sources */ = {
			isa = PBXSourcesBuildPhase;
			buildActionMask = 2147483647;
			files = (
				CC55B30A1D079EA900F7E9F6 /* TouchTrackerTests.m in Sources */,
			);
			runOnlyForDeploymentPostprocessing = 0;
		};
		CC55B30C1D079EA900F7E9F6 /* Sources */ = {
			isa = PBXSourcesBuildPhase;
			buildActionMask = 2147483647;
			files = (
				CC55B3151D079EA900F7E9F6 /* TouchTrackerUITests.m in Sources */,
			);
			runOnlyForDeploymentPostprocessing = 0;
		};
/* End PBXSourcesBuildPhase section */

/* Begin PBXTargetDependency section */
		CC55B3071D079EA900F7E9F6 /* PBXTargetDependency */ = {
			isa = PBXTargetDependency;
			target = CC55B2EB1D079EA800F7E9F6 /* TouchTracker */;
			targetProxy = CC55B3061D079EA900F7E9F6 /* PBXContainerItemProxy */;
		};
		CC55B3121D079EA900F7E9F6 /* PBXTargetDependency */ = {
			isa = PBXTargetDependency;
			target = CC55B2EB1D079EA800F7E9F6 /* TouchTracker */;
			targetProxy = CC55B3111D079EA900F7E9F6 /* PBXContainerItemProxy */;
		};
/* End PBXTargetDependency section */

/* Begin PBXVariantGroup section */
		CC55B2FD1D079EA900F7E9F6 /* LaunchScreen.storyboard */ = {
			isa = PBXVariantGroup;
			children = (
				CC55B2FE1D079EA900F7E9F6 /* Base */,
			);
			name = LaunchScreen.storyboard;
			sourceTree = "<group>";
		};
/* End PBXVariantGroup section */

/* Begin XCBuildConfiguration section */
		CC55B3171D079EA900F7E9F6 /* Debug */ = {
			isa = XCBuildConfiguration;
			buildSettings = {
				ALWAYS_SEARCH_USER_PATHS = NO;
				CLANG_ANALYZER_NONNULL = YES;
				CLANG_CXX_LANGUAGE_STANDARD = "gnu++0x";
				CLANG_CXX_LIBRARY = "libc++";
				CLANG_ENABLE_MODULES = YES;
				CLANG_ENABLE_OBJC_ARC = YES;
				CLANG_WARN_BOOL_CONVERSION = YES;
				CLANG_WARN_CONSTANT_CONVERSION = YES;
				CLANG_WARN_DIRECT_OBJC_ISA_USAGE = YES_ERROR;
				CLANG_WARN_EMPTY_BODY = YES;
				CLANG_WARN_ENUM_CONVERSION = YES;
				CLANG_WARN_INT_CONVERSION = YES;
				CLANG_WARN_OBJC_ROOT_CLASS = YES_ERROR;
				CLANG_WARN_UNREACHABLE_CODE = YES;
				CLANG_WARN__DUPLICATE_METHOD_MATCH = YES;
				"CODE_SIGN_IDENTITY[sdk=iphoneos*]" = "iPhone Developer";
				COPY_PHASE_STRIP = NO;
				DEBUG_INFORMATION_FORMAT = dwarf;
				ENABLE_STRICT_OBJC_MSGSEND = YES;
				ENABLE_TESTABILITY = YES;
				GCC_C_LANGUAGE_STANDARD = gnu99;
				GCC_DYNAMIC_NO_PIC = NO;
				GCC_NO_COMMON_BLOCKS = YES;
				GCC_OPTIMIZATION_LEVEL = 0;
				GCC_PREPROCESSOR_DEFINITIONS = (
					"DEBUG=1",
					"$(inherited)",
				);
				GCC_WARN_64_TO_32_BIT_CONVERSION = YES;
				GCC_WARN_ABOUT_RETURN_TYPE = YES_ERROR;
				GCC_WARN_UNDECLARED_SELECTOR = YES;
				GCC_WARN_UNINITIALIZED_AUTOS = YES_AGGRESSIVE;
				GCC_WARN_UNUSED_FUNCTION = YES;
				GCC_WARN_UNUSED_VARIABLE = YES;
				IPHONEOS_DEPLOYMENT_TARGET = 9.3;
				MTL_ENABLE_DEBUG_INFO = YES;
				ONLY_ACTIVE_ARCH = YES;
				SDKROOT = iphoneos;
			};
			name = Debug;
		};
		CC55B3181D079EA900F7E9F6 /* Release */ = {
			isa = XCBuildConfiguration;
			buildSettings = {
				ALWAYS_SEARCH_USER_PATHS = NO;
				CLANG_ANALYZER_NONNULL = YES;
				CLANG_CXX_LANGUAGE_STANDARD = "gnu++0x";
				CLANG_CXX_LIBRARY = "libc++";
				CLANG_ENABLE_MODULES = YES;
				CLANG_ENABLE_OBJC_ARC = YES;
				CLANG_WARN_BOOL_CONVERSION = YES;
				CLANG_WARN_CONSTANT_CONVERSION = YES;
				CLANG_WARN_DIRECT_OBJC_ISA_USAGE = YES_ERROR;
				CLANG_WARN_EMPTY_BODY = YES;
				CLANG_WARN_ENUM_CONVERSION = YES;
				CLANG_WARN_INT_CONVERSION = YES;
				CLANG_WARN_OBJC_ROOT_CLASS = YES_ERROR;
				CLANG_WARN_UNREACHABLE_CODE = YES;
				CLANG_WARN__DUPLICATE_METHOD_MATCH = YES;
				"CODE_SIGN_IDENTITY[sdk=iphoneos*]" = "iPhone Developer";
				COPY_PHASE_STRIP = NO;
				DEBUG_INFORMATION_FORMAT = "dwarf-with-dsym";
				ENABLE_NS_ASSERTIONS = NO;
				ENABLE_STRICT_OBJC_MSGSEND = YES;
				GCC_C_LANGUAGE_STANDARD = gnu99;
				GCC_NO_COMMON_BLOCKS = YES;
				GCC_WARN_64_TO_32_BIT_CONVERSION = YES;
				GCC_WARN_ABOUT_RETURN_TYPE = YES_ERROR;
				GCC_WARN_UNDECLARED_SELECTOR = YES;
				GCC_WARN_UNINITIALIZED_AUTOS = YES_AGGRESSIVE;
				GCC_WARN_UNUSED_FUNCTION = YES;
				GCC_WARN_UNUSED_VARIABLE = YES;
				IPHONEOS_DEPLOYMENT_TARGET = 9.3;
				MTL_ENABLE_DEBUG_INFO = NO;
				SDKROOT = iphoneos;
				VALIDATE_PRODUCT = YES;
			};
			name = Release;
		};
		CC55B31A1D079EA900F7E9F6 /* Debug */ = {
			isa = XCBuildConfiguration;
			buildSettings = {
				ASSETCATALOG_COMPILER_APPICON_NAME = AppIcon;
				"GCC_PREPROCESSOR_DEFINITIONS[arch=*]" = (
					"DEBUG=1",
					"$(inherited)",
				);
				INFOPLIST_FILE = TouchTracker/Info.plist;
				LD_RUNPATH_SEARCH_PATHS = "$(inherited) @executable_path/Frameworks";
				PRODUCT_BUNDLE_IDENTIFIER = RMD.TouchTracker;
				PRODUCT_NAME = "$(TARGET_NAME)";
			};
			name = Debug;
		};
		CC55B31B1D079EA900F7E9F6 /* Release */ = {
			isa = XCBuildConfiguration;
			buildSettings = {
				ASSETCATALOG_COMPILER_APPICON_NAME = AppIcon;
				INFOPLIST_FILE = TouchTracker/Info.plist;
				LD_RUNPATH_SEARCH_PATHS = "$(inherited) @executable_path/Frameworks";
				PRODUCT_BUNDLE_IDENTIFIER = RMD.TouchTracker;
				PRODUCT_NAME = "$(TARGET_NAME)";
			};
			name = Release;
		};
		CC55B31D1D079EA900F7E9F6 /* Debug */ = {
			isa = XCBuildConfiguration;
			buildSettings = {
				BUNDLE_LOADER = "$(TEST_HOST)";
				INFOPLIST_FILE = TouchTrackerTests/Info.plist;
				LD_RUNPATH_SEARCH_PATHS = "$(inherited) @executable_path/Frameworks @loader_path/Frameworks";
				PRODUCT_BUNDLE_IDENTIFIER = RMD.TouchTrackerTests;
				PRODUCT_NAME = "$(TARGET_NAME)";
				TEST_HOST = "$(BUILT_PRODUCTS_DIR)/TouchTracker.app/TouchTracker";
			};
			name = Debug;
		};
		CC55B31E1D079EA900F7E9F6 /* Release */ = {
			isa = XCBuildConfiguration;
			buildSettings = {
				BUNDLE_LOADER = "$(TEST_HOST)";
				INFOPLIST_FILE = TouchTrackerTests/Info.plist;
				LD_RUNPATH_SEARCH_PATHS = "$(inherited) @executable_path/Frameworks @loader_path/Frameworks";
				PRODUCT_BUNDLE_IDENTIFIER = RMD.TouchTrackerTests;
				PRODUCT_NAME = "$(TARGET_NAME)";
				TEST_HOST = "$(BUILT_PRODUCTS_DIR)/TouchTracker.app/TouchTracker";
			};
			name = Release;
		};
		CC55B3201D079EA900F7E9F6 /* Debug */ = {
			isa = XCBuildConfiguration;
			buildSettings = {
				INFOPLIST_FILE = TouchTrackerUITests/Info.plist;
				LD_RUNPATH_SEARCH_PATHS = "$(inherited) @executable_path/Frameworks @loader_path/Frameworks";
				PRODUCT_BUNDLE_IDENTIFIER = RMD.TouchTrackerUITests;
				PRODUCT_NAME = "$(TARGET_NAME)";
				TEST_TARGET_NAME = TouchTracker;
			};
			name = Debug;
		};
		CC55B3211D079EA900F7E9F6 /* Release */ = {
			isa = XCBuildConfiguration;
			buildSettings = {
				INFOPLIST_FILE = TouchTrackerUITests/Info.plist;
				LD_RUNPATH_SEARCH_PATHS = "$(inherited) @executable_path/Frameworks @loader_path/Frameworks";
				PRODUCT_BUNDLE_IDENTIFIER = RMD.TouchTrackerUITests;
				PRODUCT_NAME = "$(TARGET_NAME)";
				TEST_TARGET_NAME = TouchTracker;
			};
			name = Release;
		};
/* End XCBuildConfiguration section */

/* Begin XCConfigurationList section */
		CC55B2E71D079EA800F7E9F6 /* Build configuration list for PBXProject "TouchTracker" */ = {
			isa = XCConfigurationList;
			buildConfigurations = (
				CC55B3171D079EA900F7E9F6 /* Debug */,
				CC55B3181D079EA900F7E9F6 /* Release */,
			);
			defaultConfigurationIsVisible = 0;
			defaultConfigurationName = Release;
		};
		CC55B3191D079EA900F7E9F6 /* Build configuration list for PBXNativeTarget "TouchTracker" */ = {
			isa = XCConfigurationList;
			buildConfigurations = (
				CC55B31A1D079EA900F7E9F6 /* Debug */,
				CC55B31B1D079EA900F7E9F6 /* Release */,
			);
			defaultConfigurationIsVisible = 0;
			defaultConfigurationName = Release;
		};
		CC55B31C1D079EA900F7E9F6 /* Build configuration list for PBXNativeTarget "TouchTrackerTests" */ = {
			isa = XCConfigurationList;
			buildConfigurations = (
				CC55B31D1D079EA900F7E9F6 /* Debug */,
				CC55B31E1D079EA900F7E9F6 /* Release */,
			);
			defaultConfigurationIsVisible = 0;
			defaultConfigurationName = Release;
		};
		CC55B31F1D079EA900F7E9F6 /* Build configuration list for PBXNativeTarget "TouchTrackerUITests" */ = {
			isa = XCConfigurationList;
			buildConfigurations = (
				CC55B3201D079EA900F7E9F6 /* Debug */,
				CC55B3211D079EA900F7E9F6 /* Release */,
			);
			defaultConfigurationIsVisible = 0;
			defaultConfigurationName = Release;
		};
/* End XCConfigurationList section */
	};
	rootObject = CC55B2E41D079EA800F7E9F6 /* Project object */;
}
