// !$*UTF8*$!
{
	archiveVersion = 1;
	classes = {
	};
	objectVersion = 46;
	objects = {

/* Begin PBXBuildFile section */
		CC26BC2D1CF54034004A06CF /* main.m in Sources */ = {isa = PBXBuildFile; fileRef = CC26BC2C1CF54034004A06CF /* main.m */; };
		CC26BC301CF54034004A06CF /* AppDelegate.m in Sources */ = {isa = PBXBuildFile; fileRef = CC26BC2F1CF54034004A06CF /* AppDelegate.m */; };
		CC26BC361CF54034004A06CF /* Main.storyboard in Resources */ = {isa = PBXBuildFile; fileRef = CC26BC341CF54034004A06CF /* Main.storyboard */; };
		CC26BC381CF54034004A06CF /* Assets.xcassets in Resources */ = {isa = PBXBuildFile; fileRef = CC26BC371CF54034004A06CF /* Assets.xcassets */; };
		CC26BC3B1CF54034004A06CF /* LaunchScreen.storyboard in Resources */ = {isa = PBXBuildFile; fileRef = CC26BC391CF54034004A06CF /* LaunchScreen.storyboard */; };
		CC26BC461CF54034004A06CF /* HomepwnerTests.m in Sources */ = {isa = PBXBuildFile; fileRef = CC26BC451CF54034004A06CF /* HomepwnerTests.m */; };
		CC26BC511CF54034004A06CF /* HomepwnerUITests.m in Sources */ = {isa = PBXBuildFile; fileRef = CC26BC501CF54034004A06CF /* HomepwnerUITests.m */; };
		CC26BC631CF54104004A06CF /* RMDItemsTableViewController.m in Sources */ = {isa = PBXBuildFile; fileRef = CC26BC621CF54104004A06CF /* RMDItemsTableViewController.m */; };
		CC26BC661CF7ECAC004A06CF /* RMDItem.m in Sources */ = {isa = PBXBuildFile; fileRef = CC26BC651CF7ECAC004A06CF /* RMDItem.m */; };
		CC26BC691CF7ED16004A06CF /* RMDItemStore.m in Sources */ = {isa = PBXBuildFile; fileRef = CC26BC681CF7ED16004A06CF /* RMDItemStore.m */; };
		CC26BCFF1CFC9D8A004A06CF /* RMDDetailViewController.m in Sources */ = {isa = PBXBuildFile; fileRef = CC26BCFD1CFC9D8A004A06CF /* RMDDetailViewController.m */; };
		CC26BD001CFC9D8A004A06CF /* RMDDetailViewController.xib in Resources */ = {isa = PBXBuildFile; fileRef = CC26BCFE1CFC9D8A004A06CF /* RMDDetailViewController.xib */; };
		CCB2C8B41D0231F0000F6BB1 /* RMDImageStore.m in Sources */ = {isa = PBXBuildFile; fileRef = CCB2C8B31D0231F0000F6BB1 /* RMDImageStore.m */; };
		CCE8D68A1D0658CD00393A4C /* RMDDatePickerViewController.m in Sources */ = {isa = PBXBuildFile; fileRef = CCE8D6891D0658CD00393A4C /* RMDDatePickerViewController.m */; };
/* End PBXBuildFile section */

/* Begin PBXContainerItemProxy section */
		CC26BC421CF54034004A06CF /* PBXContainerItemProxy */ = {
			isa = PBXContainerItemProxy;
			containerPortal = CC26BC201CF54034004A06CF /* Project object */;
			proxyType = 1;
			remoteGlobalIDString = CC26BC271CF54034004A06CF;
			remoteInfo = Homepwner;
		};
		CC26BC4D1CF54034004A06CF /* PBXContainerItemProxy */ = {
			isa = PBXContainerItemProxy;
			containerPortal = CC26BC201CF54034004A06CF /* Project object */;
			proxyType = 1;
			remoteGlobalIDString = CC26BC271CF54034004A06CF;
			remoteInfo = Homepwner;
		};
/* End PBXContainerItemProxy section */

/* Begin PBXFileReference section */
		CC26BC281CF54034004A06CF /* Homepwner.app */ = {isa = PBXFileReference; explicitFileType = wrapper.application; includeInIndex = 0; path = Homepwner.app; sourceTree = BUILT_PRODUCTS_DIR; };
		CC26BC2C1CF54034004A06CF /* main.m */ = {isa = PBXFileReference; lastKnownFileType = sourcecode.c.objc; path = main.m; sourceTree = "<group>"; };
		CC26BC2E1CF54034004A06CF /* AppDelegate.h */ = {isa = PBXFileReference; lastKnownFileType = sourcecode.c.h; path = AppDelegate.h; sourceTree = "<group>"; };
		CC26BC2F1CF54034004A06CF /* AppDelegate.m */ = {isa = PBXFileReference; lastKnownFileType = sourcecode.c.objc; path = AppDelegate.m; sourceTree = "<group>"; };
		CC26BC351CF54034004A06CF /* Base */ = {isa = PBXFileReference; lastKnownFileType = file.storyboard; name = Base; path = Base.lproj/Main.storyboard; sourceTree = "<group>"; };
		CC26BC371CF54034004A06CF /* Assets.xcassets */ = {isa = PBXFileReference; lastKnownFileType = folder.assetcatalog; path = Assets.xcassets; sourceTree = "<group>"; };
		CC26BC3A1CF54034004A06CF /* Base */ = {isa = PBXFileReference; lastKnownFileType = file.storyboard; name = Base; path = Base.lproj/LaunchScreen.storyboard; sourceTree = "<group>"; };
		CC26BC3C1CF54034004A06CF /* Info.plist */ = {isa = PBXFileReference; lastKnownFileType = text.plist.xml; path = Info.plist; sourceTree = "<group>"; };
		CC26BC411CF54034004A06CF /* HomepwnerTests.xctest */ = {isa = PBXFileReference; explicitFileType = wrapper.cfbundle; includeInIndex = 0; path = HomepwnerTests.xctest; sourceTree = BUILT_PRODUCTS_DIR; };
		CC26BC451CF54034004A06CF /* HomepwnerTests.m */ = {isa = PBXFileReference; lastKnownFileType = sourcecode.c.objc; path = HomepwnerTests.m; sourceTree = "<group>"; };
		CC26BC471CF54034004A06CF /* Info.plist */ = {isa = PBXFileReference; lastKnownFileType = text.plist.xml; path = Info.plist; sourceTree = "<group>"; };
		CC26BC4C1CF54034004A06CF /* HomepwnerUITests.xctest */ = {isa = PBXFileReference; explicitFileType = wrapper.cfbundle; includeInIndex = 0; path = HomepwnerUITests.xctest; sourceTree = BUILT_PRODUCTS_DIR; };
		CC26BC501CF54034004A06CF /* HomepwnerUITests.m */ = {isa = PBXFileReference; lastKnownFileType = sourcecode.c.objc; path = HomepwnerUITests.m; sourceTree = "<group>"; };
		CC26BC521CF54034004A06CF /* Info.plist */ = {isa = PBXFileReference; lastKnownFileType = text.plist.xml; path = Info.plist; sourceTree = "<group>"; };
		CC26BC611CF54104004A06CF /* RMDItemsTableViewController.h */ = {isa = PBXFileReference; fileEncoding = 4; lastKnownFileType = sourcecode.c.h; path = RMDItemsTableViewController.h; sourceTree = "<group>"; };
		CC26BC621CF54104004A06CF /* RMDItemsTableViewController.m */ = {isa = PBXFileReference; fileEncoding = 4; lastKnownFileType = sourcecode.c.objc; path = RMDItemsTableViewController.m; sourceTree = "<group>"; };
		CC26BC641CF7ECAC004A06CF /* RMDItem.h */ = {isa = PBXFileReference; fileEncoding = 4; lastKnownFileType = sourcecode.c.h; name = RMDItem.h; path = ../../RandomItems/RandomItems/RMDItem.h; sourceTree = "<group>"; };
		CC26BC651CF7ECAC004A06CF /* RMDItem.m */ = {isa = PBXFileReference; fileEncoding = 4; lastKnownFileType = sourcecode.c.objc; name = RMDItem.m; path = ../../RandomItems/RandomItems/RMDItem.m; sourceTree = "<group>"; };
		CC26BC671CF7ED16004A06CF /* RMDItemStore.h */ = {isa = PBXFileReference; fileEncoding = 4; lastKnownFileType = sourcecode.c.h; path = RMDItemStore.h; sourceTree = "<group>"; };
		CC26BC681CF7ED16004A06CF /* RMDItemStore.m */ = {isa = PBXFileReference; fileEncoding = 4; lastKnownFileType = sourcecode.c.objc; path = RMDItemStore.m; sourceTree = "<group>"; };
		CC26BCFC1CFC9D8A004A06CF /* RMDDetailViewController.h */ = {isa = PBXFileReference; fileEncoding = 4; lastKnownFileType = sourcecode.c.h; path = RMDDetailViewController.h; sourceTree = "<group>"; };
		CC26BCFD1CFC9D8A004A06CF /* RMDDetailViewController.m */ = {isa = PBXFileReference; fileEncoding = 4; lastKnownFileType = sourcecode.c.objc; path = RMDDetailViewController.m; sourceTree = "<group>"; };
		CC26BCFE1CFC9D8A004A06CF /* RMDDetailViewController.xib */ = {isa = PBXFileReference; fileEncoding = 4; lastKnownFileType = file.xib; path = RMDDetailViewController.xib; sourceTree = "<group>"; };
		CCB2C8B21D0231F0000F6BB1 /* RMDImageStore.h */ = {isa = PBXFileReference; fileEncoding = 4; lastKnownFileType = sourcecode.c.h; path = RMDImageStore.h; sourceTree = "<group>"; };
		CCB2C8B31D0231F0000F6BB1 /* RMDImageStore.m */ = {isa = PBXFileReference; fileEncoding = 4; lastKnownFileType = sourcecode.c.objc; path = RMDImageStore.m; sourceTree = "<group>"; };
		CCE8D6881D0658CD00393A4C /* RMDDatePickerViewController.h */ = {isa = PBXFileReference; fileEncoding = 4; lastKnownFileType = sourcecode.c.h; path = RMDDatePickerViewController.h; sourceTree = "<group>"; };
		CCE8D6891D0658CD00393A4C /* RMDDatePickerViewController.m */ = {isa = PBXFileReference; fileEncoding = 4; lastKnownFileType = sourcecode.c.objc; path = RMDDatePickerViewController.m; sourceTree = "<group>"; };
/* End PBXFileReference section */

/* Begin PBXFrameworksBuildPhase section */
		CC26BC251CF54034004A06CF /* Frameworks */ = {
			isa = PBXFrameworksBuildPhase;
			buildActionMask = 2147483647;
			files = (
			);
			runOnlyForDeploymentPostprocessing = 0;
		};
		CC26BC3E1CF54034004A06CF /* Frameworks */ = {
			isa = PBXFrameworksBuildPhase;
			buildActionMask = 2147483647;
			files = (
			);
			runOnlyForDeploymentPostprocessing = 0;
		};
		CC26BC491CF54034004A06CF /* Frameworks */ = {
			isa = PBXFrameworksBuildPhase;
			buildActionMask = 2147483647;
			files = (
			);
			runOnlyForDeploymentPostprocessing = 0;
		};
/* End PBXFrameworksBuildPhase section */

/* Begin PBXGroup section */
		CC26BC1F1CF54034004A06CF = {
			isa = PBXGroup;
			children = (
				CC26BC2A1CF54034004A06CF /* Homepwner */,
				CC26BC441CF54034004A06CF /* HomepwnerTests */,
				CC26BC4F1CF54034004A06CF /* HomepwnerUITests */,
				CC26BC291CF54034004A06CF /* Products */,
			);
			sourceTree = "<group>";
		};
		CC26BC291CF54034004A06CF /* Products */ = {
			isa = PBXGroup;
			children = (
				CC26BC281CF54034004A06CF /* Homepwner.app */,
				CC26BC411CF54034004A06CF /* HomepwnerTests.xctest */,
				CC26BC4C1CF54034004A06CF /* HomepwnerUITests.xctest */,
			);
			name = Products;
			sourceTree = "<group>";
		};
		CC26BC2A1CF54034004A06CF /* Homepwner */ = {
			isa = PBXGroup;
			children = (
				CC26BC2E1CF54034004A06CF /* AppDelegate.h */,
				CC26BC2F1CF54034004A06CF /* AppDelegate.m */,
				CC26BCFC1CFC9D8A004A06CF /* RMDDetailViewController.h */,
				CC26BCFD1CFC9D8A004A06CF /* RMDDetailViewController.m */,
				CC26BCFE1CFC9D8A004A06CF /* RMDDetailViewController.xib */,
				CC26BC641CF7ECAC004A06CF /* RMDItem.h */,
				CCE8D6881D0658CD00393A4C /* RMDDatePickerViewController.h */,
				CCE8D6891D0658CD00393A4C /* RMDDatePickerViewController.m */,
				CC26BC651CF7ECAC004A06CF /* RMDItem.m */,
				CC26BC671CF7ED16004A06CF /* RMDItemStore.h */,
				CC26BC681CF7ED16004A06CF /* RMDItemStore.m */,
				CCB2C8B21D0231F0000F6BB1 /* RMDImageStore.h */,
				CCB2C8B31D0231F0000F6BB1 /* RMDImageStore.m */,
				CC26BC611CF54104004A06CF /* RMDItemsTableViewController.h */,
				CC26BC621CF54104004A06CF /* RMDItemsTableViewController.m */,
				CC26BC341CF54034004A06CF /* Main.storyboard */,
				CC26BC371CF54034004A06CF /* Assets.xcassets */,
				CC26BC391CF54034004A06CF /* LaunchScreen.storyboard */,
				CC26BC3C1CF54034004A06CF /* Info.plist */,
				CC26BC2B1CF54034004A06CF /* Supporting Files */,
			);
			path = Homepwner;
			sourceTree = "<group>";
		};
		CC26BC2B1CF54034004A06CF /* Supporting Files */ = {
			isa = PBXGroup;
			children = (
				CC26BC2C1CF54034004A06CF /* main.m */,
			);
			name = "Supporting Files";
			sourceTree = "<group>";
		};
		CC26BC441CF54034004A06CF /* HomepwnerTests */ = {
			isa = PBXGroup;
			children = (
				CC26BC451CF54034004A06CF /* HomepwnerTests.m */,
				CC26BC471CF54034004A06CF /* Info.plist */,
			);
			path = HomepwnerTests;
			sourceTree = "<group>";
		};
		CC26BC4F1CF54034004A06CF /* HomepwnerUITests */ = {
			isa = PBXGroup;
			children = (
				CC26BC501CF54034004A06CF /* HomepwnerUITests.m */,
				CC26BC521CF54034004A06CF /* Info.plist */,
			);
			path = HomepwnerUITests;
			sourceTree = "<group>";
		};
/* End PBXGroup section */

/* Begin PBXNativeTarget section */
		CC26BC271CF54034004A06CF /* Homepwner */ = {
			isa = PBXNativeTarget;
			buildConfigurationList = CC26BC551CF54034004A06CF /* Build configuration list for PBXNativeTarget "Homepwner" */;
			buildPhases = (
				CC26BC241CF54034004A06CF /* Sources */,
				CC26BC251CF54034004A06CF /* Frameworks */,
				CC26BC261CF54034004A06CF /* Resources */,
			);
			buildRules = (
			);
			dependencies = (
			);
			name = Homepwner;
			productName = Homepwner;
			productReference = CC26BC281CF54034004A06CF /* Homepwner.app */;
			productType = "com.apple.product-type.application";
		};
		CC26BC401CF54034004A06CF /* HomepwnerTests */ = {
			isa = PBXNativeTarget;
			buildConfigurationList = CC26BC581CF54034004A06CF /* Build configuration list for PBXNativeTarget "HomepwnerTests" */;
			buildPhases = (
				CC26BC3D1CF54034004A06CF /* Sources */,
				CC26BC3E1CF54034004A06CF /* Frameworks */,
				CC26BC3F1CF54034004A06CF /* Resources */,
			);
			buildRules = (
			);
			dependencies = (
				CC26BC431CF54034004A06CF /* PBXTargetDependency */,
			);
			name = HomepwnerTests;
			productName = HomepwnerTests;
			productReference = CC26BC411CF54034004A06CF /* HomepwnerTests.xctest */;
			productType = "com.apple.product-type.bundle.unit-test";
		};
		CC26BC4B1CF54034004A06CF /* HomepwnerUITests */ = {
			isa = PBXNativeTarget;
			buildConfigurationList = CC26BC5B1CF54034004A06CF /* Build configuration list for PBXNativeTarget "HomepwnerUITests" */;
			buildPhases = (
				CC26BC481CF54034004A06CF /* Sources */,
				CC26BC491CF54034004A06CF /* Frameworks */,
				CC26BC4A1CF54034004A06CF /* Resources */,
			);
			buildRules = (
			);
			dependencies = (
				CC26BC4E1CF54034004A06CF /* PBXTargetDependency */,
			);
			name = HomepwnerUITests;
			productName = HomepwnerUITests;
			productReference = CC26BC4C1CF54034004A06CF /* HomepwnerUITests.xctest */;
			productType = "com.apple.product-type.bundle.ui-testing";
		};
/* End PBXNativeTarget section */

/* Begin PBXProject section */
		CC26BC201CF54034004A06CF /* Project object */ = {
			isa = PBXProject;
			attributes = {
				LastUpgradeCheck = 0730;
				ORGANIZATIONNAME = "Rachel Dorn";
				TargetAttributes = {
					CC26BC271CF54034004A06CF = {
						CreatedOnToolsVersion = 7.3.1;
					};
					CC26BC401CF54034004A06CF = {
						CreatedOnToolsVersion = 7.3.1;
						TestTargetID = CC26BC271CF54034004A06CF;
					};
					CC26BC4B1CF54034004A06CF = {
						CreatedOnToolsVersion = 7.3.1;
						TestTargetID = CC26BC271CF54034004A06CF;
					};
				};
			};
			buildConfigurationList = CC26BC231CF54034004A06CF /* Build configuration list for PBXProject "Homepwner" */;
			compatibilityVersion = "Xcode 3.2";
			developmentRegion = English;
			hasScannedForEncodings = 0;
			knownRegions = (
				en,
				Base,
			);
			mainGroup = CC26BC1F1CF54034004A06CF;
			productRefGroup = CC26BC291CF54034004A06CF /* Products */;
			projectDirPath = "";
			projectRoot = "";
			targets = (
				CC26BC271CF54034004A06CF /* Homepwner */,
				CC26BC401CF54034004A06CF /* HomepwnerTests */,
				CC26BC4B1CF54034004A06CF /* HomepwnerUITests */,
			);
		};
/* End PBXProject section */

/* Begin PBXResourcesBuildPhase section */
		CC26BC261CF54034004A06CF /* Resources */ = {
			isa = PBXResourcesBuildPhase;
			buildActionMask = 2147483647;
			files = (
				CC26BC3B1CF54034004A06CF /* LaunchScreen.storyboard in Resources */,
				CC26BD001CFC9D8A004A06CF /* RMDDetailViewController.xib in Resources */,
				CC26BC381CF54034004A06CF /* Assets.xcassets in Resources */,
				CC26BC361CF54034004A06CF /* Main.storyboard in Resources */,
			);
			runOnlyForDeploymentPostprocessing = 0;
		};
		CC26BC3F1CF54034004A06CF /* Resources */ = {
			isa = PBXResourcesBuildPhase;
			buildActionMask = 2147483647;
			files = (
			);
			runOnlyForDeploymentPostprocessing = 0;
		};
		CC26BC4A1CF54034004A06CF /* Resources */ = {
			isa = PBXResourcesBuildPhase;
			buildActionMask = 2147483647;
			files = (
			);
			runOnlyForDeploymentPostprocessing = 0;
		};
/* End PBXResourcesBuildPhase section */

/* Begin PBXSourcesBuildPhase section */
		CC26BC241CF54034004A06CF /* Sources */ = {
			isa = PBXSourcesBuildPhase;
			buildActionMask = 2147483647;
			files = (
				CC26BC631CF54104004A06CF /* RMDItemsTableViewController.m in Sources */,
				CC26BC661CF7ECAC004A06CF /* RMDItem.m in Sources */,
				CCE8D68A1D0658CD00393A4C /* RMDDatePickerViewController.m in Sources */,
				CC26BC301CF54034004A06CF /* AppDelegate.m in Sources */,
				CC26BC691CF7ED16004A06CF /* RMDItemStore.m in Sources */,
				CCB2C8B41D0231F0000F6BB1 /* RMDImageStore.m in Sources */,
				CC26BC2D1CF54034004A06CF /* main.m in Sources */,
				CC26BCFF1CFC9D8A004A06CF /* RMDDetailViewController.m in Sources */,
			);
			runOnlyForDeploymentPostprocessing = 0;
		};
		CC26BC3D1CF54034004A06CF /* Sources */ = {
			isa = PBXSourcesBuildPhase;
			buildActionMask = 2147483647;
			files = (
				CC26BC461CF54034004A06CF /* HomepwnerTests.m in Sources */,
			);
			runOnlyForDeploymentPostprocessing = 0;
		};
		CC26BC481CF54034004A06CF /* Sources */ = {
			isa = PBXSourcesBuildPhase;
			buildActionMask = 2147483647;
			files = (
				CC26BC511CF54034004A06CF /* HomepwnerUITests.m in Sources */,
			);
			runOnlyForDeploymentPostprocessing = 0;
		};
/* End PBXSourcesBuildPhase section */

/* Begin PBXTargetDependency section */
		CC26BC431CF54034004A06CF /* PBXTargetDependency */ = {
			isa = PBXTargetDependency;
			target = CC26BC271CF54034004A06CF /* Homepwner */;
			targetProxy = CC26BC421CF54034004A06CF /* PBXContainerItemProxy */;
		};
		CC26BC4E1CF54034004A06CF /* PBXTargetDependency */ = {
			isa = PBXTargetDependency;
			target = CC26BC271CF54034004A06CF /* Homepwner */;
			targetProxy = CC26BC4D1CF54034004A06CF /* PBXContainerItemProxy */;
		};
/* End PBXTargetDependency section */

/* Begin PBXVariantGroup section */
		CC26BC341CF54034004A06CF /* Main.storyboard */ = {
			isa = PBXVariantGroup;
			children = (
				CC26BC351CF54034004A06CF /* Base */,
			);
			name = Main.storyboard;
			sourceTree = "<group>";
		};
		CC26BC391CF54034004A06CF /* LaunchScreen.storyboard */ = {
			isa = PBXVariantGroup;
			children = (
				CC26BC3A1CF54034004A06CF /* Base */,
			);
			name = LaunchScreen.storyboard;
			sourceTree = "<group>";
		};
/* End PBXVariantGroup section */

/* Begin XCBuildConfiguration section */
		CC26BC531CF54034004A06CF /* Debug */ = {
			isa = XCBuildConfiguration;
			buildSettings = {
				ALWAYS_SEARCH_USER_PATHS = NO;
				CLANG_ANALYZER_NONNULL = YES;
				CLANG_CXX_LANGUAGE_STANDARD = "gnu++0x";
				CLANG_CXX_LIBRARY = "libc++";
				CLANG_ENABLE_MODULES = YES;
				CLANG_ENABLE_OBJC_ARC = YES;
				CLANG_WARN_BOOL_CONVERSION = YES;
				CLANG_WARN_CONSTANT_CONVERSION = YES;
				CLANG_WARN_DIRECT_OBJC_ISA_USAGE = YES_ERROR;
				CLANG_WARN_EMPTY_BODY = YES;
				CLANG_WARN_ENUM_CONVERSION = YES;
				CLANG_WARN_INT_CONVERSION = YES;
				CLANG_WARN_OBJC_ROOT_CLASS = YES_ERROR;
				CLANG_WARN_UNREACHABLE_CODE = YES;
				CLANG_WARN__DUPLICATE_METHOD_MATCH = YES;
				"CODE_SIGN_IDENTITY[sdk=iphoneos*]" = "iPhone Developer";
				COPY_PHASE_STRIP = NO;
				DEBUG_INFORMATION_FORMAT = dwarf;
				ENABLE_STRICT_OBJC_MSGSEND = YES;
				ENABLE_TESTABILITY = YES;
				GCC_C_LANGUAGE_STANDARD = gnu99;
				GCC_DYNAMIC_NO_PIC = NO;
				GCC_NO_COMMON_BLOCKS = YES;
				GCC_OPTIMIZATION_LEVEL = 0;
				GCC_PREPROCESSOR_DEFINITIONS = (
					"DEBUG=1",
					"$(inherited)",
				);
				GCC_WARN_64_TO_32_BIT_CONVERSION = YES;
				GCC_WARN_ABOUT_RETURN_TYPE = YES_ERROR;
				GCC_WARN_UNDECLARED_SELECTOR = YES;
				GCC_WARN_UNINITIALIZED_AUTOS = YES_AGGRESSIVE;
				GCC_WARN_UNUSED_FUNCTION = YES;
				GCC_WARN_UNUSED_VARIABLE = YES;
				IPHONEOS_DEPLOYMENT_TARGET = 9.3;
				MTL_ENABLE_DEBUG_INFO = YES;
				ONLY_ACTIVE_ARCH = YES;
				SDKROOT = iphoneos;
			};
			name = Debug;
		};
		CC26BC541CF54034004A06CF /* Release */ = {
			isa = XCBuildConfiguration;
			buildSettings = {
				ALWAYS_SEARCH_USER_PATHS = NO;
				CLANG_ANALYZER_NONNULL = YES;
				CLANG_CXX_LANGUAGE_STANDARD = "gnu++0x";
				CLANG_CXX_LIBRARY = "libc++";
				CLANG_ENABLE_MODULES = YES;
				CLANG_ENABLE_OBJC_ARC = YES;
				CLANG_WARN_BOOL_CONVERSION = YES;
				CLANG_WARN_CONSTANT_CONVERSION = YES;
				CLANG_WARN_DIRECT_OBJC_ISA_USAGE = YES_ERROR;
				CLANG_WARN_EMPTY_BODY = YES;
				CLANG_WARN_ENUM_CONVERSION = YES;
				CLANG_WARN_INT_CONVERSION = YES;
				CLANG_WARN_OBJC_ROOT_CLASS = YES_ERROR;
				CLANG_WARN_UNREACHABLE_CODE = YES;
				CLANG_WARN__DUPLICATE_METHOD_MATCH = YES;
				"CODE_SIGN_IDENTITY[sdk=iphoneos*]" = "iPhone Developer";
				COPY_PHASE_STRIP = NO;
				DEBUG_INFORMATION_FORMAT = "dwarf-with-dsym";
				ENABLE_NS_ASSERTIONS = NO;
				ENABLE_STRICT_OBJC_MSGSEND = YES;
				GCC_C_LANGUAGE_STANDARD = gnu99;
				GCC_NO_COMMON_BLOCKS = YES;
				GCC_WARN_64_TO_32_BIT_CONVERSION = YES;
				GCC_WARN_ABOUT_RETURN_TYPE = YES_ERROR;
				GCC_WARN_UNDECLARED_SELECTOR = YES;
				GCC_WARN_UNINITIALIZED_AUTOS = YES_AGGRESSIVE;
				GCC_WARN_UNUSED_FUNCTION = YES;
				GCC_WARN_UNUSED_VARIABLE = YES;
				IPHONEOS_DEPLOYMENT_TARGET = 9.3;
				MTL_ENABLE_DEBUG_INFO = NO;
				SDKROOT = iphoneos;
				VALIDATE_PRODUCT = YES;
			};
			name = Release;
		};
		CC26BC561CF54034004A06CF /* Debug */ = {
			isa = XCBuildConfiguration;
			buildSettings = {
				ASSETCATALOG_COMPILER_APPICON_NAME = AppIcon;
				INFOPLIST_FILE = Homepwner/Info.plist;
				LD_RUNPATH_SEARCH_PATHS = "$(inherited) @executable_path/Frameworks";
				PRODUCT_BUNDLE_IDENTIFIER = RMD.Homepwner;
				PRODUCT_NAME = "$(TARGET_NAME)";
				TARGETED_DEVICE_FAMILY = "1,2";
			};
			name = Debug;
		};
		CC26BC571CF54034004A06CF /* Release */ = {
			isa = XCBuildConfiguration;
			buildSettings = {
				ASSETCATALOG_COMPILER_APPICON_NAME = AppIcon;
				INFOPLIST_FILE = Homepwner/Info.plist;
				LD_RUNPATH_SEARCH_PATHS = "$(inherited) @executable_path/Frameworks";
				PRODUCT_BUNDLE_IDENTIFIER = RMD.Homepwner;
				PRODUCT_NAME = "$(TARGET_NAME)";
				TARGETED_DEVICE_FAMILY = "1,2";
			};
			name = Release;
		};
		CC26BC591CF54034004A06CF /* Debug */ = {
			isa = XCBuildConfiguration;
			buildSettings = {
				BUNDLE_LOADER = "$(TEST_HOST)";
				INFOPLIST_FILE = HomepwnerTests/Info.plist;
				LD_RUNPATH_SEARCH_PATHS = "$(inherited) @executable_path/Frameworks @loader_path/Frameworks";
				PRODUCT_BUNDLE_IDENTIFIER = RMD.HomepwnerTests;
				PRODUCT_NAME = "$(TARGET_NAME)";
				TEST_HOST = "$(BUILT_PRODUCTS_DIR)/Homepwner.app/Homepwner";
			};
			name = Debug;
		};
		CC26BC5A1CF54034004A06CF /* Release */ = {
			isa = XCBuildConfiguration;
			buildSettings = {
				BUNDLE_LOADER = "$(TEST_HOST)";
				INFOPLIST_FILE = HomepwnerTests/Info.plist;
				LD_RUNPATH_SEARCH_PATHS = "$(inherited) @executable_path/Frameworks @loader_path/Frameworks";
				PRODUCT_BUNDLE_IDENTIFIER = RMD.HomepwnerTests;
				PRODUCT_NAME = "$(TARGET_NAME)";
				TEST_HOST = "$(BUILT_PRODUCTS_DIR)/Homepwner.app/Homepwner";
			};
			name = Release;
		};
		CC26BC5C1CF54034004A06CF /* Debug */ = {
			isa = XCBuildConfiguration;
			buildSettings = {
				INFOPLIST_FILE = HomepwnerUITests/Info.plist;
				LD_RUNPATH_SEARCH_PATHS = "$(inherited) @executable_path/Frameworks @loader_path/Frameworks";
				PRODUCT_BUNDLE_IDENTIFIER = RMD.HomepwnerUITests;
				PRODUCT_NAME = "$(TARGET_NAME)";
				TEST_TARGET_NAME = Homepwner;
			};
			name = Debug;
		};
		CC26BC5D1CF54034004A06CF /* Release */ = {
			isa = XCBuildConfiguration;
			buildSettings = {
				INFOPLIST_FILE = HomepwnerUITests/Info.plist;
				LD_RUNPATH_SEARCH_PATHS = "$(inherited) @executable_path/Frameworks @loader_path/Frameworks";
				PRODUCT_BUNDLE_IDENTIFIER = RMD.HomepwnerUITests;
				PRODUCT_NAME = "$(TARGET_NAME)";
				TEST_TARGET_NAME = Homepwner;
			};
			name = Release;
		};
/* End XCBuildConfiguration section */

/* Begin XCConfigurationList section */
		CC26BC231CF54034004A06CF /* Build configuration list for PBXProject "Homepwner" */ = {
			isa = XCConfigurationList;
			buildConfigurations = (
				CC26BC531CF54034004A06CF /* Debug */,
				CC26BC541CF54034004A06CF /* Release */,
			);
			defaultConfigurationIsVisible = 0;
			defaultConfigurationName = Release;
		};
		CC26BC551CF54034004A06CF /* Build configuration list for PBXNativeTarget "Homepwner" */ = {
			isa = XCConfigurationList;
			buildConfigurations = (
				CC26BC561CF54034004A06CF /* Debug */,
				CC26BC571CF54034004A06CF /* Release */,
			);
			defaultConfigurationIsVisible = 0;
			defaultConfigurationName = Release;
		};
		CC26BC581CF54034004A06CF /* Build configuration list for PBXNativeTarget "HomepwnerTests" */ = {
			isa = XCConfigurationList;
			buildConfigurations = (
				CC26BC591CF54034004A06CF /* Debug */,
				CC26BC5A1CF54034004A06CF /* Release */,
			);
			defaultConfigurationIsVisible = 0;
			defaultConfigurationName = Release;
		};
		CC26BC5B1CF54034004A06CF /* Build configuration list for PBXNativeTarget "HomepwnerUITests" */ = {
			isa = XCConfigurationList;
			buildConfigurations = (
				CC26BC5C1CF54034004A06CF /* Debug */,
				CC26BC5D1CF54034004A06CF /* Release */,
			);
			defaultConfigurationIsVisible = 0;
			defaultConfigurationName = Release;
		};
/* End XCConfigurationList section */
	};
	rootObject = CC26BC201CF54034004A06CF /* Project object */;
}
