// !$*UTF8*$!
{
	archiveVersion = 1;
	classes = {
	};
	objectVersion = 46;
	objects = {

/* Begin PBXBuildFile section */
		CCE1BA121CEAB06D0094EF72 /* main.m in Sources */ = {isa = PBXBuildFile; fileRef = CCE1BA111CEAB06D0094EF72 /* main.m */; };
		CCE1BA151CEAB06D0094EF72 /* AppDelegate.m in Sources */ = {isa = PBXBuildFile; fileRef = CCE1BA141CEAB06D0094EF72 /* AppDelegate.m */; };
		CCE1BA1B1CEAB06D0094EF72 /* Main.storyboard in Resources */ = {isa = PBXBuildFile; fileRef = CCE1BA191CEAB06D0094EF72 /* Main.storyboard */; };
		CCE1BA1D1CEAB06D0094EF72 /* Assets.xcassets in Resources */ = {isa = PBXBuildFile; fileRef = CCE1BA1C1CEAB06D0094EF72 /* Assets.xcassets */; };
		CCE1BA201CEAB06D0094EF72 /* LaunchScreen.storyboard in Resources */ = {isa = PBXBuildFile; fileRef = CCE1BA1E1CEAB06D0094EF72 /* LaunchScreen.storyboard */; };
		CCE1BA2B1CEAB06D0094EF72 /* QuizTests.m in Sources */ = {isa = PBXBuildFile; fileRef = CCE1BA2A1CEAB06D0094EF72 /* QuizTests.m */; };
		CCE1BA361CEAB06D0094EF72 /* QuizUITests.m in Sources */ = {isa = PBXBuildFile; fileRef = CCE1BA351CEAB06D0094EF72 /* QuizUITests.m */; };
		CCE1BA461CEAB4320094EF72 /* RMDQuizViewController.m in Sources */ = {isa = PBXBuildFile; fileRef = CCE1BA441CEAB4320094EF72 /* RMDQuizViewController.m */; };
		CCE1BA471CEAB4320094EF72 /* RMDQuizViewController.xib in Resources */ = {isa = PBXBuildFile; fileRef = CCE1BA451CEAB4320094EF72 /* RMDQuizViewController.xib */; };
/* End PBXBuildFile section */

/* Begin PBXContainerItemProxy section */
		CCE1BA271CEAB06D0094EF72 /* PBXContainerItemProxy */ = {
			isa = PBXContainerItemProxy;
			containerPortal = CCE1BA051CEAB06D0094EF72 /* Project object */;
			proxyType = 1;
			remoteGlobalIDString = CCE1BA0C1CEAB06D0094EF72;
			remoteInfo = Quiz;
		};
		CCE1BA321CEAB06D0094EF72 /* PBXContainerItemProxy */ = {
			isa = PBXContainerItemProxy;
			containerPortal = CCE1BA051CEAB06D0094EF72 /* Project object */;
			proxyType = 1;
			remoteGlobalIDString = CCE1BA0C1CEAB06D0094EF72;
			remoteInfo = Quiz;
		};
/* End PBXContainerItemProxy section */

/* Begin PBXFileReference section */
		CCE1BA0D1CEAB06D0094EF72 /* Quiz.app */ = {isa = PBXFileReference; explicitFileType = wrapper.application; includeInIndex = 0; path = Quiz.app; sourceTree = BUILT_PRODUCTS_DIR; };
		CCE1BA111CEAB06D0094EF72 /* main.m */ = {isa = PBXFileReference; lastKnownFileType = sourcecode.c.objc; path = main.m; sourceTree = "<group>"; };
		CCE1BA131CEAB06D0094EF72 /* AppDelegate.h */ = {isa = PBXFileReference; lastKnownFileType = sourcecode.c.h; path = AppDelegate.h; sourceTree = "<group>"; };
		CCE1BA141CEAB06D0094EF72 /* AppDelegate.m */ = {isa = PBXFileReference; lastKnownFileType = sourcecode.c.objc; path = AppDelegate.m; sourceTree = "<group>"; };
		CCE1BA1A1CEAB06D0094EF72 /* Base */ = {isa = PBXFileReference; lastKnownFileType = file.storyboard; name = Base; path = Base.lproj/Main.storyboard; sourceTree = "<group>"; };
		CCE1BA1C1CEAB06D0094EF72 /* Assets.xcassets */ = {isa = PBXFileReference; lastKnownFileType = folder.assetcatalog; path = Assets.xcassets; sourceTree = "<group>"; };
		CCE1BA1F1CEAB06D0094EF72 /* Base */ = {isa = PBXFileReference; lastKnownFileType = file.storyboard; name = Base; path = Base.lproj/LaunchScreen.storyboard; sourceTree = "<group>"; };
		CCE1BA211CEAB06D0094EF72 /* Info.plist */ = {isa = PBXFileReference; lastKnownFileType = text.plist.xml; path = Info.plist; sourceTree = "<group>"; };
		CCE1BA261CEAB06D0094EF72 /* QuizTests.xctest */ = {isa = PBXFileReference; explicitFileType = wrapper.cfbundle; includeInIndex = 0; path = QuizTests.xctest; sourceTree = BUILT_PRODUCTS_DIR; };
		CCE1BA2A1CEAB06D0094EF72 /* QuizTests.m */ = {isa = PBXFileReference; lastKnownFileType = sourcecode.c.objc; path = QuizTests.m; sourceTree = "<group>"; };
		CCE1BA2C1CEAB06D0094EF72 /* Info.plist */ = {isa = PBXFileReference; lastKnownFileType = text.plist.xml; path = Info.plist; sourceTree = "<group>"; };
		CCE1BA311CEAB06D0094EF72 /* QuizUITests.xctest */ = {isa = PBXFileReference; explicitFileType = wrapper.cfbundle; includeInIndex = 0; path = QuizUITests.xctest; sourceTree = BUILT_PRODUCTS_DIR; };
		CCE1BA351CEAB06D0094EF72 /* QuizUITests.m */ = {isa = PBXFileReference; lastKnownFileType = sourcecode.c.objc; path = QuizUITests.m; sourceTree = "<group>"; };
		CCE1BA371CEAB06D0094EF72 /* Info.plist */ = {isa = PBXFileReference; lastKnownFileType = text.plist.xml; path = Info.plist; sourceTree = "<group>"; };
		CCE1BA431CEAB4320094EF72 /* RMDQuizViewController.h */ = {isa = PBXFileReference; fileEncoding = 4; lastKnownFileType = sourcecode.c.h; path = RMDQuizViewController.h; sourceTree = "<group>"; };
		CCE1BA441CEAB4320094EF72 /* RMDQuizViewController.m */ = {isa = PBXFileReference; fileEncoding = 4; lastKnownFileType = sourcecode.c.objc; path = RMDQuizViewController.m; sourceTree = "<group>"; };
		CCE1BA451CEAB4320094EF72 /* RMDQuizViewController.xib */ = {isa = PBXFileReference; fileEncoding = 4; lastKnownFileType = file.xib; path = RMDQuizViewController.xib; sourceTree = "<group>"; };
/* End PBXFileReference section */

/* Begin PBXFrameworksBuildPhase section */
		CCE1BA0A1CEAB06D0094EF72 /* Frameworks */ = {
			isa = PBXFrameworksBuildPhase;
			buildActionMask = 2147483647;
			files = (
			);
			runOnlyForDeploymentPostprocessing = 0;
		};
		CCE1BA231CEAB06D0094EF72 /* Frameworks */ = {
			isa = PBXFrameworksBuildPhase;
			buildActionMask = 2147483647;
			files = (
			);
			runOnlyForDeploymentPostprocessing = 0;
		};
		CCE1BA2E1CEAB06D0094EF72 /* Frameworks */ = {
			isa = PBXFrameworksBuildPhase;
			buildActionMask = 2147483647;
			files = (
			);
			runOnlyForDeploymentPostprocessing = 0;
		};
/* End PBXFrameworksBuildPhase section */

/* Begin PBXGroup section */
		CCE1BA041CEAB06D0094EF72 = {
			isa = PBXGroup;
			children = (
				CCE1BA431CEAB4320094EF72 /* RMDQuizViewController.h */,
				CCE1BA441CEAB4320094EF72 /* RMDQuizViewController.m */,
				CCE1BA451CEAB4320094EF72 /* RMDQuizViewController.xib */,
				CCE1BA0F1CEAB06D0094EF72 /* Quiz */,
				CCE1BA291CEAB06D0094EF72 /* QuizTests */,
				CCE1BA341CEAB06D0094EF72 /* QuizUITests */,
				CCE1BA0E1CEAB06D0094EF72 /* Products */,
			);
			sourceTree = "<group>";
		};
		CCE1BA0E1CEAB06D0094EF72 /* Products */ = {
			isa = PBXGroup;
			children = (
				CCE1BA0D1CEAB06D0094EF72 /* Quiz.app */,
				CCE1BA261CEAB06D0094EF72 /* QuizTests.xctest */,
				CCE1BA311CEAB06D0094EF72 /* QuizUITests.xctest */,
			);
			name = Products;
			sourceTree = "<group>";
		};
		CCE1BA0F1CEAB06D0094EF72 /* Quiz */ = {
			isa = PBXGroup;
			children = (
				CCE1BA131CEAB06D0094EF72 /* AppDelegate.h */,
				CCE1BA141CEAB06D0094EF72 /* AppDelegate.m */,
				CCE1BA191CEAB06D0094EF72 /* Main.storyboard */,
				CCE1BA1C1CEAB06D0094EF72 /* Assets.xcassets */,
				CCE1BA1E1CEAB06D0094EF72 /* LaunchScreen.storyboard */,
				CCE1BA211CEAB06D0094EF72 /* Info.plist */,
				CCE1BA101CEAB06D0094EF72 /* Supporting Files */,
			);
			path = Quiz;
			sourceTree = "<group>";
		};
		CCE1BA101CEAB06D0094EF72 /* Supporting Files */ = {
			isa = PBXGroup;
			children = (
				CCE1BA111CEAB06D0094EF72 /* main.m */,
			);
			name = "Supporting Files";
			sourceTree = "<group>";
		};
		CCE1BA291CEAB06D0094EF72 /* QuizTests */ = {
			isa = PBXGroup;
			children = (
				CCE1BA2A1CEAB06D0094EF72 /* QuizTests.m */,
				CCE1BA2C1CEAB06D0094EF72 /* Info.plist */,
			);
			path = QuizTests;
			sourceTree = "<group>";
		};
		CCE1BA341CEAB06D0094EF72 /* QuizUITests */ = {
			isa = PBXGroup;
			children = (
				CCE1BA351CEAB06D0094EF72 /* QuizUITests.m */,
				CCE1BA371CEAB06D0094EF72 /* Info.plist */,
			);
			path = QuizUITests;
			sourceTree = "<group>";
		};
/* End PBXGroup section */

/* Begin PBXNativeTarget section */
		CCE1BA0C1CEAB06D0094EF72 /* Quiz */ = {
			isa = PBXNativeTarget;
			buildConfigurationList = CCE1BA3A1CEAB06D0094EF72 /* Build configuration list for PBXNativeTarget "Quiz" */;
			buildPhases = (
				CCE1BA091CEAB06D0094EF72 /* Sources */,
				CCE1BA0A1CEAB06D0094EF72 /* Frameworks */,
				CCE1BA0B1CEAB06D0094EF72 /* Resources */,
			);
			buildRules = (
			);
			dependencies = (
			);
			name = Quiz;
			productName = Quiz;
			productReference = CCE1BA0D1CEAB06D0094EF72 /* Quiz.app */;
			productType = "com.apple.product-type.application";
		};
		CCE1BA251CEAB06D0094EF72 /* QuizTests */ = {
			isa = PBXNativeTarget;
			buildConfigurationList = CCE1BA3D1CEAB06D0094EF72 /* Build configuration list for PBXNativeTarget "QuizTests" */;
			buildPhases = (
				CCE1BA221CEAB06D0094EF72 /* Sources */,
				CCE1BA231CEAB06D0094EF72 /* Frameworks */,
				CCE1BA241CEAB06D0094EF72 /* Resources */,
			);
			buildRules = (
			);
			dependencies = (
				CCE1BA281CEAB06D0094EF72 /* PBXTargetDependency */,
			);
			name = QuizTests;
			productName = QuizTests;
			productReference = CCE1BA261CEAB06D0094EF72 /* QuizTests.xctest */;
			productType = "com.apple.product-type.bundle.unit-test";
		};
		CCE1BA301CEAB06D0094EF72 /* QuizUITests */ = {
			isa = PBXNativeTarget;
			buildConfigurationList = CCE1BA401CEAB06D0094EF72 /* Build configuration list for PBXNativeTarget "QuizUITests" */;
			buildPhases = (
				CCE1BA2D1CEAB06D0094EF72 /* Sources */,
				CCE1BA2E1CEAB06D0094EF72 /* Frameworks */,
				CCE1BA2F1CEAB06D0094EF72 /* Resources */,
			);
			buildRules = (
			);
			dependencies = (
				CCE1BA331CEAB06D0094EF72 /* PBXTargetDependency */,
			);
			name = QuizUITests;
			productName = QuizUITests;
			productReference = CCE1BA311CEAB06D0094EF72 /* QuizUITests.xctest */;
			productType = "com.apple.product-type.bundle.ui-testing";
		};
/* End PBXNativeTarget section */

/* Begin PBXProject section */
		CCE1BA051CEAB06D0094EF72 /* Project object */ = {
			isa = PBXProject;
			attributes = {
				LastUpgradeCheck = 0730;
				ORGANIZATIONNAME = "Rachel Dorn";
				TargetAttributes = {
					CCE1BA0C1CEAB06D0094EF72 = {
						CreatedOnToolsVersion = 7.3.1;
					};
					CCE1BA251CEAB06D0094EF72 = {
						CreatedOnToolsVersion = 7.3.1;
						TestTargetID = CCE1BA0C1CEAB06D0094EF72;
					};
					CCE1BA301CEAB06D0094EF72 = {
						CreatedOnToolsVersion = 7.3.1;
						TestTargetID = CCE1BA0C1CEAB06D0094EF72;
					};
				};
			};
			buildConfigurationList = CCE1BA081CEAB06D0094EF72 /* Build configuration list for PBXProject "Quiz" */;
			compatibilityVersion = "Xcode 3.2";
			developmentRegion = English;
			hasScannedForEncodings = 0;
			knownRegions = (
				en,
				Base,
			);
			mainGroup = CCE1BA041CEAB06D0094EF72;
			productRefGroup = CCE1BA0E1CEAB06D0094EF72 /* Products */;
			projectDirPath = "";
			projectRoot = "";
			targets = (
				CCE1BA0C1CEAB06D0094EF72 /* Quiz */,
				CCE1BA251CEAB06D0094EF72 /* QuizTests */,
				CCE1BA301CEAB06D0094EF72 /* QuizUITests */,
			);
		};
/* End PBXProject section */

/* Begin PBXResourcesBuildPhase section */
		CCE1BA0B1CEAB06D0094EF72 /* Resources */ = {
			isa = PBXResourcesBuildPhase;
			buildActionMask = 2147483647;
			files = (
				CCE1BA201CEAB06D0094EF72 /* LaunchScreen.storyboard in Resources */,
				CCE1BA471CEAB4320094EF72 /* RMDQuizViewController.xib in Resources */,
				CCE1BA1D1CEAB06D0094EF72 /* Assets.xcassets in Resources */,
				CCE1BA1B1CEAB06D0094EF72 /* Main.storyboard in Resources */,
			);
			runOnlyForDeploymentPostprocessing = 0;
		};
		CCE1BA241CEAB06D0094EF72 /* Resources */ = {
			isa = PBXResourcesBuildPhase;
			buildActionMask = 2147483647;
			files = (
			);
			runOnlyForDeploymentPostprocessing = 0;
		};
		CCE1BA2F1CEAB06D0094EF72 /* Resources */ = {
			isa = PBXResourcesBuildPhase;
			buildActionMask = 2147483647;
			files = (
			);
			runOnlyForDeploymentPostprocessing = 0;
		};
/* End PBXResourcesBuildPhase section */

/* Begin PBXSourcesBuildPhase section */
		CCE1BA091CEAB06D0094EF72 /* Sources */ = {
			isa = PBXSourcesBuildPhase;
			buildActionMask = 2147483647;
			files = (
				CCE1BA151CEAB06D0094EF72 /* AppDelegate.m in Sources */,
				CCE1BA121CEAB06D0094EF72 /* main.m in Sources */,
				CCE1BA461CEAB4320094EF72 /* RMDQuizViewController.m in Sources */,
			);
			runOnlyForDeploymentPostprocessing = 0;
		};
		CCE1BA221CEAB06D0094EF72 /* Sources */ = {
			isa = PBXSourcesBuildPhase;
			buildActionMask = 2147483647;
			files = (
				CCE1BA2B1CEAB06D0094EF72 /* QuizTests.m in Sources */,
			);
			runOnlyForDeploymentPostprocessing = 0;
		};
		CCE1BA2D1CEAB06D0094EF72 /* Sources */ = {
			isa = PBXSourcesBuildPhase;
			buildActionMask = 2147483647;
			files = (
				CCE1BA361CEAB06D0094EF72 /* QuizUITests.m in Sources */,
			);
			runOnlyForDeploymentPostprocessing = 0;
		};
/* End PBXSourcesBuildPhase section */

/* Begin PBXTargetDependency section */
		CCE1BA281CEAB06D0094EF72 /* PBXTargetDependency */ = {
			isa = PBXTargetDependency;
			target = CCE1BA0C1CEAB06D0094EF72 /* Quiz */;
			targetProxy = CCE1BA271CEAB06D0094EF72 /* PBXContainerItemProxy */;
		};
		CCE1BA331CEAB06D0094EF72 /* PBXTargetDependency */ = {
			isa = PBXTargetDependency;
			target = CCE1BA0C1CEAB06D0094EF72 /* Quiz */;
			targetProxy = CCE1BA321CEAB06D0094EF72 /* PBXContainerItemProxy */;
		};
/* End PBXTargetDependency section */

/* Begin PBXVariantGroup section */
		CCE1BA191CEAB06D0094EF72 /* Main.storyboard */ = {
			isa = PBXVariantGroup;
			children = (
				CCE1BA1A1CEAB06D0094EF72 /* Base */,
			);
			name = Main.storyboard;
			sourceTree = "<group>";
		};
		CCE1BA1E1CEAB06D0094EF72 /* LaunchScreen.storyboard */ = {
			isa = PBXVariantGroup;
			children = (
				CCE1BA1F1CEAB06D0094EF72 /* Base */,
			);
			name = LaunchScreen.storyboard;
			sourceTree = "<group>";
		};
/* End PBXVariantGroup section */

/* Begin XCBuildConfiguration section */
		CCE1BA381CEAB06D0094EF72 /* Debug */ = {
			isa = XCBuildConfiguration;
			buildSettings = {
				ALWAYS_SEARCH_USER_PATHS = NO;
				CLANG_ANALYZER_NONNULL = YES;
				CLANG_CXX_LANGUAGE_STANDARD = "gnu++0x";
				CLANG_CXX_LIBRARY = "libc++";
				CLANG_ENABLE_MODULES = YES;
				CLANG_ENABLE_OBJC_ARC = YES;
				CLANG_WARN_BOOL_CONVERSION = YES;
				CLANG_WARN_CONSTANT_CONVERSION = YES;
				CLANG_WARN_DIRECT_OBJC_ISA_USAGE = YES_ERROR;
				CLANG_WARN_EMPTY_BODY = YES;
				CLANG_WARN_ENUM_CONVERSION = YES;
				CLANG_WARN_INT_CONVERSION = YES;
				CLANG_WARN_OBJC_ROOT_CLASS = YES_ERROR;
				CLANG_WARN_UNREACHABLE_CODE = YES;
				CLANG_WARN__DUPLICATE_METHOD_MATCH = YES;
				"CODE_SIGN_IDENTITY[sdk=iphoneos*]" = "iPhone Developer";
				COPY_PHASE_STRIP = NO;
				DEBUG_INFORMATION_FORMAT = dwarf;
				ENABLE_STRICT_OBJC_MSGSEND = YES;
				ENABLE_TESTABILITY = YES;
				GCC_C_LANGUAGE_STANDARD = gnu99;
				GCC_DYNAMIC_NO_PIC = NO;
				GCC_NO_COMMON_BLOCKS = YES;
				GCC_OPTIMIZATION_LEVEL = 0;
				GCC_PREPROCESSOR_DEFINITIONS = (
					"DEBUG=1",
					"$(inherited)",
				);
				GCC_WARN_64_TO_32_BIT_CONVERSION = YES;
				GCC_WARN_ABOUT_RETURN_TYPE = YES_ERROR;
				GCC_WARN_UNDECLARED_SELECTOR = YES;
				GCC_WARN_UNINITIALIZED_AUTOS = YES_AGGRESSIVE;
				GCC_WARN_UNUSED_FUNCTION = YES;
				GCC_WARN_UNUSED_VARIABLE = YES;
				IPHONEOS_DEPLOYMENT_TARGET = 9.3;
				MTL_ENABLE_DEBUG_INFO = YES;
				ONLY_ACTIVE_ARCH = YES;
				SDKROOT = iphoneos;
			};
			name = Debug;
		};
		CCE1BA391CEAB06D0094EF72 /* Release */ = {
			isa = XCBuildConfiguration;
			buildSettings = {
				ALWAYS_SEARCH_USER_PATHS = NO;
				CLANG_ANALYZER_NONNULL = YES;
				CLANG_CXX_LANGUAGE_STANDARD = "gnu++0x";
				CLANG_CXX_LIBRARY = "libc++";
				CLANG_ENABLE_MODULES = YES;
				CLANG_ENABLE_OBJC_ARC = YES;
				CLANG_WARN_BOOL_CONVERSION = YES;
				CLANG_WARN_CONSTANT_CONVERSION = YES;
				CLANG_WARN_DIRECT_OBJC_ISA_USAGE = YES_ERROR;
				CLANG_WARN_EMPTY_BODY = YES;
				CLANG_WARN_ENUM_CONVERSION = YES;
				CLANG_WARN_INT_CONVERSION = YES;
				CLANG_WARN_OBJC_ROOT_CLASS = YES_ERROR;
				CLANG_WARN_UNREACHABLE_CODE = YES;
				CLANG_WARN__DUPLICATE_METHOD_MATCH = YES;
				"CODE_SIGN_IDENTITY[sdk=iphoneos*]" = "iPhone Developer";
				COPY_PHASE_STRIP = NO;
				DEBUG_INFORMATION_FORMAT = "dwarf-with-dsym";
				ENABLE_NS_ASSERTIONS = NO;
				ENABLE_STRICT_OBJC_MSGSEND = YES;
				GCC_C_LANGUAGE_STANDARD = gnu99;
				GCC_NO_COMMON_BLOCKS = YES;
				GCC_WARN_64_TO_32_BIT_CONVERSION = YES;
				GCC_WARN_ABOUT_RETURN_TYPE = YES_ERROR;
				GCC_WARN_UNDECLARED_SELECTOR = YES;
				GCC_WARN_UNINITIALIZED_AUTOS = YES_AGGRESSIVE;
				GCC_WARN_UNUSED_FUNCTION = YES;
				GCC_WARN_UNUSED_VARIABLE = YES;
				IPHONEOS_DEPLOYMENT_TARGET = 9.3;
				MTL_ENABLE_DEBUG_INFO = NO;
				SDKROOT = iphoneos;
				VALIDATE_PRODUCT = YES;
			};
			name = Release;
		};
		CCE1BA3B1CEAB06D0094EF72 /* Debug */ = {
			isa = XCBuildConfiguration;
			buildSettings = {
				ASSETCATALOG_COMPILER_APPICON_NAME = AppIcon;
				INFOPLIST_FILE = Quiz/Info.plist;
				LD_RUNPATH_SEARCH_PATHS = "$(inherited) @executable_path/Frameworks";
				PRODUCT_BUNDLE_IDENTIFIER = RMD.Quiz;
				PRODUCT_NAME = "$(TARGET_NAME)";
				TARGETED_DEVICE_FAMILY = "1,2";
			};
			name = Debug;
		};
		CCE1BA3C1CEAB06D0094EF72 /* Release */ = {
			isa = XCBuildConfiguration;
			buildSettings = {
				ASSETCATALOG_COMPILER_APPICON_NAME = AppIcon;
				INFOPLIST_FILE = Quiz/Info.plist;
				LD_RUNPATH_SEARCH_PATHS = "$(inherited) @executable_path/Frameworks";
				PRODUCT_BUNDLE_IDENTIFIER = RMD.Quiz;
				PRODUCT_NAME = "$(TARGET_NAME)";
				TARGETED_DEVICE_FAMILY = "1,2";
			};
			name = Release;
		};
		CCE1BA3E1CEAB06D0094EF72 /* Debug */ = {
			isa = XCBuildConfiguration;
			buildSettings = {
				BUNDLE_LOADER = "$(TEST_HOST)";
				INFOPLIST_FILE = QuizTests/Info.plist;
				LD_RUNPATH_SEARCH_PATHS = "$(inherited) @executable_path/Frameworks @loader_path/Frameworks";
				PRODUCT_BUNDLE_IDENTIFIER = RMD.QuizTests;
				PRODUCT_NAME = "$(TARGET_NAME)";
				TEST_HOST = "$(BUILT_PRODUCTS_DIR)/Quiz.app/Quiz";
			};
			name = Debug;
		};
		CCE1BA3F1CEAB06D0094EF72 /* Release */ = {
			isa = XCBuildConfiguration;
			buildSettings = {
				BUNDLE_LOADER = "$(TEST_HOST)";
				INFOPLIST_FILE = QuizTests/Info.plist;
				LD_RUNPATH_SEARCH_PATHS = "$(inherited) @executable_path/Frameworks @loader_path/Frameworks";
				PRODUCT_BUNDLE_IDENTIFIER = RMD.QuizTests;
				PRODUCT_NAME = "$(TARGET_NAME)";
				TEST_HOST = "$(BUILT_PRODUCTS_DIR)/Quiz.app/Quiz";
			};
			name = Release;
		};
		CCE1BA411CEAB06D0094EF72 /* Debug */ = {
			isa = XCBuildConfiguration;
			buildSettings = {
				INFOPLIST_FILE = QuizUITests/Info.plist;
				LD_RUNPATH_SEARCH_PATHS = "$(inherited) @executable_path/Frameworks @loader_path/Frameworks";
				PRODUCT_BUNDLE_IDENTIFIER = RMD.QuizUITests;
				PRODUCT_NAME = "$(TARGET_NAME)";
				TEST_TARGET_NAME = Quiz;
			};
			name = Debug;
		};
		CCE1BA421CEAB06D0094EF72 /* Release */ = {
			isa = XCBuildConfiguration;
			buildSettings = {
				INFOPLIST_FILE = QuizUITests/Info.plist;
				LD_RUNPATH_SEARCH_PATHS = "$(inherited) @executable_path/Frameworks @loader_path/Frameworks";
				PRODUCT_BUNDLE_IDENTIFIER = RMD.QuizUITests;
				PRODUCT_NAME = "$(TARGET_NAME)";
				TEST_TARGET_NAME = Quiz;
			};
			name = Release;
		};
/* End XCBuildConfiguration section */

/* Begin XCConfigurationList section */
		CCE1BA081CEAB06D0094EF72 /* Build configuration list for PBXProject "Quiz" */ = {
			isa = XCConfigurationList;
			buildConfigurations = (
				CCE1BA381CEAB06D0094EF72 /* Debug */,
				CCE1BA391CEAB06D0094EF72 /* Release */,
			);
			defaultConfigurationIsVisible = 0;
			defaultConfigurationName = Release;
		};
		CCE1BA3A1CEAB06D0094EF72 /* Build configuration list for PBXNativeTarget "Quiz" */ = {
			isa = XCConfigurationList;
			buildConfigurations = (
				CCE1BA3B1CEAB06D0094EF72 /* Debug */,
				CCE1BA3C1CEAB06D0094EF72 /* Release */,
			);
			defaultConfigurationIsVisible = 0;
			defaultConfigurationName = Release;
		};
		CCE1BA3D1CEAB06D0094EF72 /* Build configuration list for PBXNativeTarget "QuizTests" */ = {
			isa = XCConfigurationList;
			buildConfigurations = (
				CCE1BA3E1CEAB06D0094EF72 /* Debug */,
				CCE1BA3F1CEAB06D0094EF72 /* Release */,
			);
			defaultConfigurationIsVisible = 0;
			defaultConfigurationName = Release;
		};
		CCE1BA401CEAB06D0094EF72 /* Build configuration list for PBXNativeTarget "QuizUITests" */ = {
			isa = XCConfigurationList;
			buildConfigurations = (
				CCE1BA411CEAB06D0094EF72 /* Debug */,
				CCE1BA421CEAB06D0094EF72 /* Release */,
			);
			defaultConfigurationIsVisible = 0;
			defaultConfigurationName = Release;
		};
/* End XCConfigurationList section */
	};
	rootObject = CCE1BA051CEAB06D0094EF72 /* Project object */;
}
