// !$*UTF8*$!
{
	archiveVersion = 1;
	classes = {
	};
	objectVersion = 46;
	objects = {

/* Begin PBXBuildFile section */
		CCBF67C01CEFFC7700FCE483 /* main.m in Sources */ = {isa = PBXBuildFile; fileRef = CCBF67BF1CEFFC7700FCE483 /* main.m */; };
		CCBF67C31CEFFC7700FCE483 /* AppDelegate.m in Sources */ = {isa = PBXBuildFile; fileRef = CCBF67C21CEFFC7700FCE483 /* AppDelegate.m */; };
		CCBF67C61CEFFC7700FCE483 /* ViewController.m in Sources */ = {isa = PBXBuildFile; fileRef = CCBF67C51CEFFC7700FCE483 /* ViewController.m */; };
		CCBF67C91CEFFC7700FCE483 /* Main.storyboard in Resources */ = {isa = PBXBuildFile; fileRef = CCBF67C71CEFFC7700FCE483 /* Main.storyboard */; };
		CCBF67CB1CEFFC7700FCE483 /* Assets.xcassets in Resources */ = {isa = PBXBuildFile; fileRef = CCBF67CA1CEFFC7700FCE483 /* Assets.xcassets */; };
		CCBF67CE1CEFFC7700FCE483 /* LaunchScreen.storyboard in Resources */ = {isa = PBXBuildFile; fileRef = CCBF67CC1CEFFC7700FCE483 /* LaunchScreen.storyboard */; };
		CCBF67D91CEFFC7700FCE483 /* HypnosisterTests.m in Sources */ = {isa = PBXBuildFile; fileRef = CCBF67D81CEFFC7700FCE483 /* HypnosisterTests.m */; };
		CCBF67E41CEFFC7700FCE483 /* HypnosisterUITests.m in Sources */ = {isa = PBXBuildFile; fileRef = CCBF67E31CEFFC7700FCE483 /* HypnosisterUITests.m */; };
		CCBF67F31CF0024400FCE483 /* RMDHypnosisView.m in Sources */ = {isa = PBXBuildFile; fileRef = CCBF67F21CF0024400FCE483 /* RMDHypnosisView.m */; };
/* End PBXBuildFile section */

/* Begin PBXContainerItemProxy section */
		CCBF67D51CEFFC7700FCE483 /* PBXContainerItemProxy */ = {
			isa = PBXContainerItemProxy;
			containerPortal = CCBF67B31CEFFC7700FCE483 /* Project object */;
			proxyType = 1;
			remoteGlobalIDString = CCBF67BA1CEFFC7700FCE483;
			remoteInfo = Hypnosister;
		};
		CCBF67E01CEFFC7700FCE483 /* PBXContainerItemProxy */ = {
			isa = PBXContainerItemProxy;
			containerPortal = CCBF67B31CEFFC7700FCE483 /* Project object */;
			proxyType = 1;
			remoteGlobalIDString = CCBF67BA1CEFFC7700FCE483;
			remoteInfo = Hypnosister;
		};
/* End PBXContainerItemProxy section */

/* Begin PBXFileReference section */
		CCBF67BB1CEFFC7700FCE483 /* Hypnosister.app */ = {isa = PBXFileReference; explicitFileType = wrapper.application; includeInIndex = 0; path = Hypnosister.app; sourceTree = BUILT_PRODUCTS_DIR; };
		CCBF67BF1CEFFC7700FCE483 /* main.m */ = {isa = PBXFileReference; lastKnownFileType = sourcecode.c.objc; path = main.m; sourceTree = "<group>"; };
		CCBF67C11CEFFC7700FCE483 /* AppDelegate.h */ = {isa = PBXFileReference; lastKnownFileType = sourcecode.c.h; path = AppDelegate.h; sourceTree = "<group>"; };
		CCBF67C21CEFFC7700FCE483 /* AppDelegate.m */ = {isa = PBXFileReference; lastKnownFileType = sourcecode.c.objc; path = AppDelegate.m; sourceTree = "<group>"; };
		CCBF67C41CEFFC7700FCE483 /* ViewController.h */ = {isa = PBXFileReference; lastKnownFileType = sourcecode.c.h; path = ViewController.h; sourceTree = "<group>"; };
		CCBF67C51CEFFC7700FCE483 /* ViewController.m */ = {isa = PBXFileReference; lastKnownFileType = sourcecode.c.objc; path = ViewController.m; sourceTree = "<group>"; };
		CCBF67C81CEFFC7700FCE483 /* Base */ = {isa = PBXFileReference; lastKnownFileType = file.storyboard; name = Base; path = Base.lproj/Main.storyboard; sourceTree = "<group>"; };
		CCBF67CA1CEFFC7700FCE483 /* Assets.xcassets */ = {isa = PBXFileReference; lastKnownFileType = folder.assetcatalog; path = Assets.xcassets; sourceTree = "<group>"; };
		CCBF67CD1CEFFC7700FCE483 /* Base */ = {isa = PBXFileReference; lastKnownFileType = file.storyboard; name = Base; path = Base.lproj/LaunchScreen.storyboard; sourceTree = "<group>"; };
		CCBF67CF1CEFFC7700FCE483 /* Info.plist */ = {isa = PBXFileReference; lastKnownFileType = text.plist.xml; path = Info.plist; sourceTree = "<group>"; };
		CCBF67D41CEFFC7700FCE483 /* HypnosisterTests.xctest */ = {isa = PBXFileReference; explicitFileType = wrapper.cfbundle; includeInIndex = 0; path = HypnosisterTests.xctest; sourceTree = BUILT_PRODUCTS_DIR; };
		CCBF67D81CEFFC7700FCE483 /* HypnosisterTests.m */ = {isa = PBXFileReference; lastKnownFileType = sourcecode.c.objc; path = HypnosisterTests.m; sourceTree = "<group>"; };
		CCBF67DA1CEFFC7700FCE483 /* Info.plist */ = {isa = PBXFileReference; lastKnownFileType = text.plist.xml; path = Info.plist; sourceTree = "<group>"; };
		CCBF67DF1CEFFC7700FCE483 /* HypnosisterUITests.xctest */ = {isa = PBXFileReference; explicitFileType = wrapper.cfbundle; includeInIndex = 0; path = HypnosisterUITests.xctest; sourceTree = BUILT_PRODUCTS_DIR; };
		CCBF67E31CEFFC7700FCE483 /* HypnosisterUITests.m */ = {isa = PBXFileReference; lastKnownFileType = sourcecode.c.objc; path = HypnosisterUITests.m; sourceTree = "<group>"; };
		CCBF67E51CEFFC7700FCE483 /* Info.plist */ = {isa = PBXFileReference; lastKnownFileType = text.plist.xml; path = Info.plist; sourceTree = "<group>"; };
		CCBF67F11CF0024400FCE483 /* RMDHypnosisView.h */ = {isa = PBXFileReference; fileEncoding = 4; lastKnownFileType = sourcecode.c.h; name = RMDHypnosisView.h; path = ../RMDHypnosisView.h; sourceTree = "<group>"; };
		CCBF67F21CF0024400FCE483 /* RMDHypnosisView.m */ = {isa = PBXFileReference; fileEncoding = 4; lastKnownFileType = sourcecode.c.objc; name = RMDHypnosisView.m; path = ../RMDHypnosisView.m; sourceTree = "<group>"; };
/* End PBXFileReference section */

/* Begin PBXFrameworksBuildPhase section */
		CCBF67B81CEFFC7700FCE483 /* Frameworks */ = {
			isa = PBXFrameworksBuildPhase;
			buildActionMask = 2147483647;
			files = (
			);
			runOnlyForDeploymentPostprocessing = 0;
		};
		CCBF67D11CEFFC7700FCE483 /* Frameworks */ = {
			isa = PBXFrameworksBuildPhase;
			buildActionMask = 2147483647;
			files = (
			);
			runOnlyForDeploymentPostprocessing = 0;
		};
		CCBF67DC1CEFFC7700FCE483 /* Frameworks */ = {
			isa = PBXFrameworksBuildPhase;
			buildActionMask = 2147483647;
			files = (
			);
			runOnlyForDeploymentPostprocessing = 0;
		};
/* End PBXFrameworksBuildPhase section */

/* Begin PBXGroup section */
		CCBF67B21CEFFC7700FCE483 = {
			isa = PBXGroup;
			children = (
				CCBF67BD1CEFFC7700FCE483 /* Hypnosister */,
				CCBF67D71CEFFC7700FCE483 /* HypnosisterTests */,
				CCBF67E21CEFFC7700FCE483 /* HypnosisterUITests */,
				CCBF67BC1CEFFC7700FCE483 /* Products */,
			);
			sourceTree = "<group>";
		};
		CCBF67BC1CEFFC7700FCE483 /* Products */ = {
			isa = PBXGroup;
			children = (
				CCBF67BB1CEFFC7700FCE483 /* Hypnosister.app */,
				CCBF67D41CEFFC7700FCE483 /* HypnosisterTests.xctest */,
				CCBF67DF1CEFFC7700FCE483 /* HypnosisterUITests.xctest */,
			);
			name = Products;
			sourceTree = "<group>";
		};
		CCBF67BD1CEFFC7700FCE483 /* Hypnosister */ = {
			isa = PBXGroup;
			children = (
				CCBF67C11CEFFC7700FCE483 /* AppDelegate.h */,
				CCBF67C21CEFFC7700FCE483 /* AppDelegate.m */,
				CCBF67F11CF0024400FCE483 /* RMDHypnosisView.h */,
				CCBF67F21CF0024400FCE483 /* RMDHypnosisView.m */,
				CCBF67C41CEFFC7700FCE483 /* ViewController.h */,
				CCBF67C51CEFFC7700FCE483 /* ViewController.m */,
				CCBF67C71CEFFC7700FCE483 /* Main.storyboard */,
				CCBF67CA1CEFFC7700FCE483 /* Assets.xcassets */,
				CCBF67CC1CEFFC7700FCE483 /* LaunchScreen.storyboard */,
				CCBF67CF1CEFFC7700FCE483 /* Info.plist */,
				CCBF67BE1CEFFC7700FCE483 /* Supporting Files */,
			);
			path = Hypnosister;
			sourceTree = "<group>";
		};
		CCBF67BE1CEFFC7700FCE483 /* Supporting Files */ = {
			isa = PBXGroup;
			children = (
				CCBF67BF1CEFFC7700FCE483 /* main.m */,
			);
			name = "Supporting Files";
			sourceTree = "<group>";
		};
		CCBF67D71CEFFC7700FCE483 /* HypnosisterTests */ = {
			isa = PBXGroup;
			children = (
				CCBF67D81CEFFC7700FCE483 /* HypnosisterTests.m */,
				CCBF67DA1CEFFC7700FCE483 /* Info.plist */,
			);
			path = HypnosisterTests;
			sourceTree = "<group>";
		};
		CCBF67E21CEFFC7700FCE483 /* HypnosisterUITests */ = {
			isa = PBXGroup;
			children = (
				CCBF67E31CEFFC7700FCE483 /* HypnosisterUITests.m */,
				CCBF67E51CEFFC7700FCE483 /* Info.plist */,
			);
			path = HypnosisterUITests;
			sourceTree = "<group>";
		};
/* End PBXGroup section */

/* Begin PBXNativeTarget section */
		CCBF67BA1CEFFC7700FCE483 /* Hypnosister */ = {
			isa = PBXNativeTarget;
			buildConfigurationList = CCBF67E81CEFFC7700FCE483 /* Build configuration list for PBXNativeTarget "Hypnosister" */;
			buildPhases = (
				CCBF67B71CEFFC7700FCE483 /* Sources */,
				CCBF67B81CEFFC7700FCE483 /* Frameworks */,
				CCBF67B91CEFFC7700FCE483 /* Resources */,
			);
			buildRules = (
			);
			dependencies = (
			);
			name = Hypnosister;
			productName = Hypnosister;
			productReference = CCBF67BB1CEFFC7700FCE483 /* Hypnosister.app */;
			productType = "com.apple.product-type.application";
		};
		CCBF67D31CEFFC7700FCE483 /* HypnosisterTests */ = {
			isa = PBXNativeTarget;
			buildConfigurationList = CCBF67EB1CEFFC7700FCE483 /* Build configuration list for PBXNativeTarget "HypnosisterTests" */;
			buildPhases = (
				CCBF67D01CEFFC7700FCE483 /* Sources */,
				CCBF67D11CEFFC7700FCE483 /* Frameworks */,
				CCBF67D21CEFFC7700FCE483 /* Resources */,
			);
			buildRules = (
			);
			dependencies = (
				CCBF67D61CEFFC7700FCE483 /* PBXTargetDependency */,
			);
			name = HypnosisterTests;
			productName = HypnosisterTests;
			productReference = CCBF67D41CEFFC7700FCE483 /* HypnosisterTests.xctest */;
			productType = "com.apple.product-type.bundle.unit-test";
		};
		CCBF67DE1CEFFC7700FCE483 /* HypnosisterUITests */ = {
			isa = PBXNativeTarget;
			buildConfigurationList = CCBF67EE1CEFFC7700FCE483 /* Build configuration list for PBXNativeTarget "HypnosisterUITests" */;
			buildPhases = (
				CCBF67DB1CEFFC7700FCE483 /* Sources */,
				CCBF67DC1CEFFC7700FCE483 /* Frameworks */,
				CCBF67DD1CEFFC7700FCE483 /* Resources */,
			);
			buildRules = (
			);
			dependencies = (
				CCBF67E11CEFFC7700FCE483 /* PBXTargetDependency */,
			);
			name = HypnosisterUITests;
			productName = HypnosisterUITests;
			productReference = CCBF67DF1CEFFC7700FCE483 /* HypnosisterUITests.xctest */;
			productType = "com.apple.product-type.bundle.ui-testing";
		};
/* End PBXNativeTarget section */

/* Begin PBXProject section */
		CCBF67B31CEFFC7700FCE483 /* Project object */ = {
			isa = PBXProject;
			attributes = {
				LastUpgradeCheck = 0730;
				ORGANIZATIONNAME = "Rachel Dorn";
				TargetAttributes = {
					CCBF67BA1CEFFC7700FCE483 = {
						CreatedOnToolsVersion = 7.3.1;
					};
					CCBF67D31CEFFC7700FCE483 = {
						CreatedOnToolsVersion = 7.3.1;
						TestTargetID = CCBF67BA1CEFFC7700FCE483;
					};
					CCBF67DE1CEFFC7700FCE483 = {
						CreatedOnToolsVersion = 7.3.1;
						TestTargetID = CCBF67BA1CEFFC7700FCE483;
					};
				};
			};
			buildConfigurationList = CCBF67B61CEFFC7700FCE483 /* Build configuration list for PBXProject "Hypnosister" */;
			compatibilityVersion = "Xcode 3.2";
			developmentRegion = English;
			hasScannedForEncodings = 0;
			knownRegions = (
				en,
				Base,
			);
			mainGroup = CCBF67B21CEFFC7700FCE483;
			productRefGroup = CCBF67BC1CEFFC7700FCE483 /* Products */;
			projectDirPath = "";
			projectRoot = "";
			targets = (
				CCBF67BA1CEFFC7700FCE483 /* Hypnosister */,
				CCBF67D31CEFFC7700FCE483 /* HypnosisterTests */,
				CCBF67DE1CEFFC7700FCE483 /* HypnosisterUITests */,
			);
		};
/* End PBXProject section */

/* Begin PBXResourcesBuildPhase section */
		CCBF67B91CEFFC7700FCE483 /* Resources */ = {
			isa = PBXResourcesBuildPhase;
			buildActionMask = 2147483647;
			files = (
				CCBF67CE1CEFFC7700FCE483 /* LaunchScreen.storyboard in Resources */,
				CCBF67CB1CEFFC7700FCE483 /* Assets.xcassets in Resources */,
				CCBF67C91CEFFC7700FCE483 /* Main.storyboard in Resources */,
			);
			runOnlyForDeploymentPostprocessing = 0;
		};
		CCBF67D21CEFFC7700FCE483 /* Resources */ = {
			isa = PBXResourcesBuildPhase;
			buildActionMask = 2147483647;
			files = (
			);
			runOnlyForDeploymentPostprocessing = 0;
		};
		CCBF67DD1CEFFC7700FCE483 /* Resources */ = {
			isa = PBXResourcesBuildPhase;
			buildActionMask = 2147483647;
			files = (
			);
			runOnlyForDeploymentPostprocessing = 0;
		};
/* End PBXResourcesBuildPhase section */

/* Begin PBXSourcesBuildPhase section */
		CCBF67B71CEFFC7700FCE483 /* Sources */ = {
			isa = PBXSourcesBuildPhase;
			buildActionMask = 2147483647;
			files = (
				CCBF67C61CEFFC7700FCE483 /* ViewController.m in Sources */,
				CCBF67C31CEFFC7700FCE483 /* AppDelegate.m in Sources */,
				CCBF67C01CEFFC7700FCE483 /* main.m in Sources */,
				CCBF67F31CF0024400FCE483 /* RMDHypnosisView.m in Sources */,
			);
			runOnlyForDeploymentPostprocessing = 0;
		};
		CCBF67D01CEFFC7700FCE483 /* Sources */ = {
			isa = PBXSourcesBuildPhase;
			buildActionMask = 2147483647;
			files = (
				CCBF67D91CEFFC7700FCE483 /* HypnosisterTests.m in Sources */,
			);
			runOnlyForDeploymentPostprocessing = 0;
		};
		CCBF67DB1CEFFC7700FCE483 /* Sources */ = {
			isa = PBXSourcesBuildPhase;
			buildActionMask = 2147483647;
			files = (
				CCBF67E41CEFFC7700FCE483 /* HypnosisterUITests.m in Sources */,
			);
			runOnlyForDeploymentPostprocessing = 0;
		};
/* End PBXSourcesBuildPhase section */

/* Begin PBXTargetDependency section */
		CCBF67D61CEFFC7700FCE483 /* PBXTargetDependency */ = {
			isa = PBXTargetDependency;
			target = CCBF67BA1CEFFC7700FCE483 /* Hypnosister */;
			targetProxy = CCBF67D51CEFFC7700FCE483 /* PBXContainerItemProxy */;
		};
		CCBF67E11CEFFC7700FCE483 /* PBXTargetDependency */ = {
			isa = PBXTargetDependency;
			target = CCBF67BA1CEFFC7700FCE483 /* Hypnosister */;
			targetProxy = CCBF67E01CEFFC7700FCE483 /* PBXContainerItemProxy */;
		};
/* End PBXTargetDependency section */

/* Begin PBXVariantGroup section */
		CCBF67C71CEFFC7700FCE483 /* Main.storyboard */ = {
			isa = PBXVariantGroup;
			children = (
				CCBF67C81CEFFC7700FCE483 /* Base */,
			);
			name = Main.storyboard;
			sourceTree = "<group>";
		};
		CCBF67CC1CEFFC7700FCE483 /* LaunchScreen.storyboard */ = {
			isa = PBXVariantGroup;
			children = (
				CCBF67CD1CEFFC7700FCE483 /* Base */,
			);
			name = LaunchScreen.storyboard;
			sourceTree = "<group>";
		};
/* End PBXVariantGroup section */

/* Begin XCBuildConfiguration section */
		CCBF67E61CEFFC7700FCE483 /* Debug */ = {
			isa = XCBuildConfiguration;
			buildSettings = {
				ALWAYS_SEARCH_USER_PATHS = NO;
				CLANG_ANALYZER_NONNULL = YES;
				CLANG_CXX_LANGUAGE_STANDARD = "gnu++0x";
				CLANG_CXX_LIBRARY = "libc++";
				CLANG_ENABLE_MODULES = YES;
				CLANG_ENABLE_OBJC_ARC = YES;
				CLANG_WARN_BOOL_CONVERSION = YES;
				CLANG_WARN_CONSTANT_CONVERSION = YES;
				CLANG_WARN_DIRECT_OBJC_ISA_USAGE = YES_ERROR;
				CLANG_WARN_EMPTY_BODY = YES;
				CLANG_WARN_ENUM_CONVERSION = YES;
				CLANG_WARN_INT_CONVERSION = YES;
				CLANG_WARN_OBJC_ROOT_CLASS = YES_ERROR;
				CLANG_WARN_UNREACHABLE_CODE = YES;
				CLANG_WARN__DUPLICATE_METHOD_MATCH = YES;
				"CODE_SIGN_IDENTITY[sdk=iphoneos*]" = "iPhone Developer";
				COPY_PHASE_STRIP = NO;
				DEBUG_INFORMATION_FORMAT = dwarf;
				ENABLE_STRICT_OBJC_MSGSEND = YES;
				ENABLE_TESTABILITY = YES;
				GCC_C_LANGUAGE_STANDARD = gnu99;
				GCC_DYNAMIC_NO_PIC = NO;
				GCC_NO_COMMON_BLOCKS = YES;
				GCC_OPTIMIZATION_LEVEL = 0;
				GCC_PREPROCESSOR_DEFINITIONS = (
					"DEBUG=1",
					"$(inherited)",
				);
				GCC_WARN_64_TO_32_BIT_CONVERSION = YES;
				GCC_WARN_ABOUT_RETURN_TYPE = YES_ERROR;
				GCC_WARN_UNDECLARED_SELECTOR = YES;
				GCC_WARN_UNINITIALIZED_AUTOS = YES_AGGRESSIVE;
				GCC_WARN_UNUSED_FUNCTION = YES;
				GCC_WARN_UNUSED_VARIABLE = YES;
				IPHONEOS_DEPLOYMENT_TARGET = 9.3;
				MTL_ENABLE_DEBUG_INFO = YES;
				ONLY_ACTIVE_ARCH = YES;
				SDKROOT = iphoneos;
			};
			name = Debug;
		};
		CCBF67E71CEFFC7700FCE483 /* Release */ = {
			isa = XCBuildConfiguration;
			buildSettings = {
				ALWAYS_SEARCH_USER_PATHS = NO;
				CLANG_ANALYZER_NONNULL = YES;
				CLANG_CXX_LANGUAGE_STANDARD = "gnu++0x";
				CLANG_CXX_LIBRARY = "libc++";
				CLANG_ENABLE_MODULES = YES;
				CLANG_ENABLE_OBJC_ARC = YES;
				CLANG_WARN_BOOL_CONVERSION = YES;
				CLANG_WARN_CONSTANT_CONVERSION = YES;
				CLANG_WARN_DIRECT_OBJC_ISA_USAGE = YES_ERROR;
				CLANG_WARN_EMPTY_BODY = YES;
				CLANG_WARN_ENUM_CONVERSION = YES;
				CLANG_WARN_INT_CONVERSION = YES;
				CLANG_WARN_OBJC_ROOT_CLASS = YES_ERROR;
				CLANG_WARN_UNREACHABLE_CODE = YES;
				CLANG_WARN__DUPLICATE_METHOD_MATCH = YES;
				"CODE_SIGN_IDENTITY[sdk=iphoneos*]" = "iPhone Developer";
				COPY_PHASE_STRIP = NO;
				DEBUG_INFORMATION_FORMAT = "dwarf-with-dsym";
				ENABLE_NS_ASSERTIONS = NO;
				ENABLE_STRICT_OBJC_MSGSEND = YES;
				GCC_C_LANGUAGE_STANDARD = gnu99;
				GCC_NO_COMMON_BLOCKS = YES;
				GCC_WARN_64_TO_32_BIT_CONVERSION = YES;
				GCC_WARN_ABOUT_RETURN_TYPE = YES_ERROR;
				GCC_WARN_UNDECLARED_SELECTOR = YES;
				GCC_WARN_UNINITIALIZED_AUTOS = YES_AGGRESSIVE;
				GCC_WARN_UNUSED_FUNCTION = YES;
				GCC_WARN_UNUSED_VARIABLE = YES;
				IPHONEOS_DEPLOYMENT_TARGET = 9.3;
				MTL_ENABLE_DEBUG_INFO = NO;
				SDKROOT = iphoneos;
				VALIDATE_PRODUCT = YES;
			};
			name = Release;
		};
		CCBF67E91CEFFC7700FCE483 /* Debug */ = {
			isa = XCBuildConfiguration;
			buildSettings = {
				ASSETCATALOG_COMPILER_APPICON_NAME = AppIcon;
				INFOPLIST_FILE = Hypnosister/Info.plist;
				LD_RUNPATH_SEARCH_PATHS = "$(inherited) @executable_path/Frameworks";
				PRODUCT_BUNDLE_IDENTIFIER = RMD.Hypnosister;
				PRODUCT_NAME = "$(TARGET_NAME)";
			};
			name = Debug;
		};
		CCBF67EA1CEFFC7700FCE483 /* Release */ = {
			isa = XCBuildConfiguration;
			buildSettings = {
				ASSETCATALOG_COMPILER_APPICON_NAME = AppIcon;
				INFOPLIST_FILE = Hypnosister/Info.plist;
				LD_RUNPATH_SEARCH_PATHS = "$(inherited) @executable_path/Frameworks";
				PRODUCT_BUNDLE_IDENTIFIER = RMD.Hypnosister;
				PRODUCT_NAME = "$(TARGET_NAME)";
			};
			name = Release;
		};
		CCBF67EC1CEFFC7700FCE483 /* Debug */ = {
			isa = XCBuildConfiguration;
			buildSettings = {
				BUNDLE_LOADER = "$(TEST_HOST)";
				INFOPLIST_FILE = HypnosisterTests/Info.plist;
				LD_RUNPATH_SEARCH_PATHS = "$(inherited) @executable_path/Frameworks @loader_path/Frameworks";
				PRODUCT_BUNDLE_IDENTIFIER = RMD.HypnosisterTests;
				PRODUCT_NAME = "$(TARGET_NAME)";
				TEST_HOST = "$(BUILT_PRODUCTS_DIR)/Hypnosister.app/Hypnosister";
			};
			name = Debug;
		};
		CCBF67ED1CEFFC7700FCE483 /* Release */ = {
			isa = XCBuildConfiguration;
			buildSettings = {
				BUNDLE_LOADER = "$(TEST_HOST)";
				INFOPLIST_FILE = HypnosisterTests/Info.plist;
				LD_RUNPATH_SEARCH_PATHS = "$(inherited) @executable_path/Frameworks @loader_path/Frameworks";
				PRODUCT_BUNDLE_IDENTIFIER = RMD.HypnosisterTests;
				PRODUCT_NAME = "$(TARGET_NAME)";
				TEST_HOST = "$(BUILT_PRODUCTS_DIR)/Hypnosister.app/Hypnosister";
			};
			name = Release;
		};
		CCBF67EF1CEFFC7700FCE483 /* Debug */ = {
			isa = XCBuildConfiguration;
			buildSettings = {
				INFOPLIST_FILE = HypnosisterUITests/Info.plist;
				LD_RUNPATH_SEARCH_PATHS = "$(inherited) @executable_path/Frameworks @loader_path/Frameworks";
				PRODUCT_BUNDLE_IDENTIFIER = RMD.HypnosisterUITests;
				PRODUCT_NAME = "$(TARGET_NAME)";
				TEST_TARGET_NAME = Hypnosister;
			};
			name = Debug;
		};
		CCBF67F01CEFFC7700FCE483 /* Release */ = {
			isa = XCBuildConfiguration;
			buildSettings = {
				INFOPLIST_FILE = HypnosisterUITests/Info.plist;
				LD_RUNPATH_SEARCH_PATHS = "$(inherited) @executable_path/Frameworks @loader_path/Frameworks";
				PRODUCT_BUNDLE_IDENTIFIER = RMD.HypnosisterUITests;
				PRODUCT_NAME = "$(TARGET_NAME)";
				TEST_TARGET_NAME = Hypnosister;
			};
			name = Release;
		};
/* End XCBuildConfiguration section */

/* Begin XCConfigurationList section */
		CCBF67B61CEFFC7700FCE483 /* Build configuration list for PBXProject "Hypnosister" */ = {
			isa = XCConfigurationList;
			buildConfigurations = (
				CCBF67E61CEFFC7700FCE483 /* Debug */,
				CCBF67E71CEFFC7700FCE483 /* Release */,
			);
			defaultConfigurationIsVisible = 0;
			defaultConfigurationName = Release;
		};
		CCBF67E81CEFFC7700FCE483 /* Build configuration list for PBXNativeTarget "Hypnosister" */ = {
			isa = XCConfigurationList;
			buildConfigurations = (
				CCBF67E91CEFFC7700FCE483 /* Debug */,
				CCBF67EA1CEFFC7700FCE483 /* Release */,
			);
			defaultConfigurationIsVisible = 0;
			defaultConfigurationName = Release;
		};
		CCBF67EB1CEFFC7700FCE483 /* Build configuration list for PBXNativeTarget "HypnosisterTests" */ = {
			isa = XCConfigurationList;
			buildConfigurations = (
				CCBF67EC1CEFFC7700FCE483 /* Debug */,
				CCBF67ED1CEFFC7700FCE483 /* Release */,
			);
			defaultConfigurationIsVisible = 0;
			defaultConfigurationName = Release;
		};
		CCBF67EE1CEFFC7700FCE483 /* Build configuration list for PBXNativeTarget "HypnosisterUITests" */ = {
			isa = XCConfigurationList;
			buildConfigurations = (
				CCBF67EF1CEFFC7700FCE483 /* Debug */,
				CCBF67F01CEFFC7700FCE483 /* Release */,
			);
			defaultConfigurationIsVisible = 0;
			defaultConfigurationName = Release;
		};
/* End XCConfigurationList section */
	};
	rootObject = CCBF67B31CEFFC7700FCE483 /* Project object */;
}
